// !$*UTF8*$!
{
	archiveVersion = 1;
	classes = {
	};
	objectVersion = 56;
	objects = {

/* Begin PBXBuildFile section */
		58204C26DBF6D55964E5CE6E /* Pods_AiOESports_AiOESportsUITests.framework in Frameworks */ = {isa = PBXBuildFile; fileRef = 52DA465FE799102727AED817 /* Pods_AiOESports_AiOESportsUITests.framework */; };
		6E5CBA7023461F336228CAA1 /* Pods_AiOESportsTests.framework in Frameworks */ = {isa = PBXBuildFile; fileRef = C2016FB8D88933997BA25624 /* Pods_AiOESportsTests.framework */; };
		80D2B9ACA75695065B6A3A76 /* Pods_AiOESports.framework in Frameworks */ = {isa = PBXBuildFile; fileRef = F58C181347CBB2A5F2B650F3 /* Pods_AiOESports.framework */; };
		842AE8C629DB164D0036FF05 /* ImageCollectionViewCell.swift in Sources */ = {isa = PBXBuildFile; fileRef = 842AE8C529DB164D0036FF05 /* ImageCollectionViewCell.swift */; };
		842AE8C929DB3FDD0036FF05 /* CategoryCollectionViewCell.swift in Sources */ = {isa = PBXBuildFile; fileRef = 842AE8C829DB3FDD0036FF05 /* CategoryCollectionViewCell.swift */; };
		842AE8CB29DB45320036FF05 /* GameCategoryCollectionViewCell.swift in Sources */ = {isa = PBXBuildFile; fileRef = 842AE8CA29DB45320036FF05 /* GameCategoryCollectionViewCell.swift */; };
		842AE8CD29DB4B580036FF05 /* RankingCollectionViewCell.swift in Sources */ = {isa = PBXBuildFile; fileRef = 842AE8CC29DB4B580036FF05 /* RankingCollectionViewCell.swift */; };
		842DF92629D88A6200B24F1A /* Fonts.swift in Sources */ = {isa = PBXBuildFile; fileRef = 842DF92529D88A6200B24F1A /* Fonts.swift */; };
		8459D57B29DDBD4C00DDF266 /* NetworkError.swift in Sources */ = {isa = PBXBuildFile; fileRef = 8459D57A29DDBD4C00DDF266 /* NetworkError.swift */; };
		8459D57D29DDBDD900DDF266 /* ApiRouter.swift in Sources */ = {isa = PBXBuildFile; fileRef = 8459D57C29DDBDD900DDF266 /* ApiRouter.swift */; };
		8459D57F29DDC0CF00DDF266 /* NetworkService.swift in Sources */ = {isa = PBXBuildFile; fileRef = 8459D57E29DDC0CF00DDF266 /* NetworkService.swift */; };
		8459D58229DDC99500DDF266 /* TeamObject.swift in Sources */ = {isa = PBXBuildFile; fileRef = 8459D58129DDC99500DDF266 /* TeamObject.swift */; };
		8459D58429DDC9BB00DDF266 /* BaseNetworkResponse.swift in Sources */ = {isa = PBXBuildFile; fileRef = 8459D58329DDC9BB00DDF266 /* BaseNetworkResponse.swift */; };
		8459D58729DDF66B00DDF266 /* Enums.swift in Sources */ = {isa = PBXBuildFile; fileRef = 8459D58629DDF66B00DDF266 /* Enums.swift */; };
		84725AAD29E07DB8003658CD /* FilterSettingPresenting.swift in Sources */ = {isa = PBXBuildFile; fileRef = 84725AAC29E07DB8003658CD /* FilterSettingPresenting.swift */; };
		84725AAF29E07E69003658CD /* FilterSettingPresenter.swift in Sources */ = {isa = PBXBuildFile; fileRef = 84725AAE29E07E69003658CD /* FilterSettingPresenter.swift */; };
		84725AB129E07EAF003658CD /* FilterSettingViewDelegate.swift in Sources */ = {isa = PBXBuildFile; fileRef = 84725AB029E07EAF003658CD /* FilterSettingViewDelegate.swift */; };
		84725AB329E088B5003658CD /* FilterSettingDelegate.swift in Sources */ = {isa = PBXBuildFile; fileRef = 84725AB229E088B5003658CD /* FilterSettingDelegate.swift */; };
		84725AB729E1211F003658CD /* Details.storyboard in Resources */ = {isa = PBXBuildFile; fileRef = 84725AB629E1211E003658CD /* Details.storyboard */; };
		84725AB929E1274B003658CD /* Details.swift in Sources */ = {isa = PBXBuildFile; fileRef = 84725AB829E1274B003658CD /* Details.swift */; };
		84725ABB29E12767003658CD /* DetailsModule.swift in Sources */ = {isa = PBXBuildFile; fileRef = 84725ABA29E12767003658CD /* DetailsModule.swift */; };
		84725ABF29E12B18003658CD /* Squad.storyboard in Resources */ = {isa = PBXBuildFile; fileRef = 84725ABE29E12B18003658CD /* Squad.storyboard */; };
		84725AC129E12BE1003658CD /* Squad.swift in Sources */ = {isa = PBXBuildFile; fileRef = 84725AC029E12BE1003658CD /* Squad.swift */; };
		84725AC329E12BF8003658CD /* SquadModule.swift in Sources */ = {isa = PBXBuildFile; fileRef = 84725AC229E12BF8003658CD /* SquadModule.swift */; };
		84725AC729E12C95003658CD /* SquadTableViewCell.swift in Sources */ = {isa = PBXBuildFile; fileRef = 84725AC529E12C95003658CD /* SquadTableViewCell.swift */; };
		84725AC829E12C95003658CD /* SquadTableViewCell.xib in Resources */ = {isa = PBXBuildFile; fileRef = 84725AC629E12C95003658CD /* SquadTableViewCell.xib */; };
		84725ACC29E16AE4003658CD /* Achivement.storyboard in Resources */ = {isa = PBXBuildFile; fileRef = 84725ACB29E16AE4003658CD /* Achivement.storyboard */; };
		84725ACE29E16B0F003658CD /* Achivement.swift in Sources */ = {isa = PBXBuildFile; fileRef = 84725ACD29E16B0F003658CD /* Achivement.swift */; };
		84725AD029E16B2E003658CD /* AchivementModule.swift in Sources */ = {isa = PBXBuildFile; fileRef = 84725ACF29E16B2E003658CD /* AchivementModule.swift */; };
		84725AD429E16BA5003658CD /* AchivementTableViewCell.swift in Sources */ = {isa = PBXBuildFile; fileRef = 84725AD229E16BA5003658CD /* AchivementTableViewCell.swift */; };
		84725AD529E16BA5003658CD /* AchivementTableViewCell.xib in Resources */ = {isa = PBXBuildFile; fileRef = 84725AD329E16BA5003658CD /* AchivementTableViewCell.xib */; };
		84725AD729E1D4EA003658CD /* PlayerObject.swift in Sources */ = {isa = PBXBuildFile; fileRef = 84725AD629E1D4EA003658CD /* PlayerObject.swift */; };
		84725AD929E1D8D9003658CD /* RankPresentable.swift in Sources */ = {isa = PBXBuildFile; fileRef = 84725AD829E1D8D9003658CD /* RankPresentable.swift */; };
		849B9C2429CEEB1400F1C2D2 /* Colors.xcassets in Resources */ = {isa = PBXBuildFile; fileRef = 849B9C2329CEEB1400F1C2D2 /* Colors.xcassets */; };
		849B9C2629CEEB3400F1C2D2 /* Colors.swift in Sources */ = {isa = PBXBuildFile; fileRef = 849B9C2529CEEB3400F1C2D2 /* Colors.swift */; };
		849B9C2929CEEDCB00F1C2D2 /* Images.xcassets in Resources */ = {isa = PBXBuildFile; fileRef = 849B9C2829CEEDCB00F1C2D2 /* Images.xcassets */; };
		849B9C2B29CEEDF700F1C2D2 /* Images.swift in Sources */ = {isa = PBXBuildFile; fileRef = 849B9C2A29CEEDF700F1C2D2 /* Images.swift */; };
		849B9C2E29CEEF2100F1C2D2 /* OnboardingViewModel.swift in Sources */ = {isa = PBXBuildFile; fileRef = 849B9C2D29CEEF2100F1C2D2 /* OnboardingViewModel.swift */; };
		849B9C3029CEEF9800F1C2D2 /* OnboardingViewProtocol.swift in Sources */ = {isa = PBXBuildFile; fileRef = 849B9C2F29CEEF9800F1C2D2 /* OnboardingViewProtocol.swift */; };
		849B9C3529D185D100F1C2D2 /* NibLoadable.swift in Sources */ = {isa = PBXBuildFile; fileRef = 849B9C3429D185D100F1C2D2 /* NibLoadable.swift */; };
		849B9C3729D1869000F1C2D2 /* PinView.xib in Resources */ = {isa = PBXBuildFile; fileRef = 849B9C3629D1869000F1C2D2 /* PinView.xib */; };
		849B9C3929D187B200F1C2D2 /* PinView.swift in Sources */ = {isa = PBXBuildFile; fileRef = 849B9C3829D187B200F1C2D2 /* PinView.swift */; };
		849B9C3D29D18AAB00F1C2D2 /* Login.storyboard in Resources */ = {isa = PBXBuildFile; fileRef = 849B9C3C29D18AAB00F1C2D2 /* Login.storyboard */; };
		849B9C3F29D18AB700F1C2D2 /* LoginModule.swift in Sources */ = {isa = PBXBuildFile; fileRef = 849B9C3E29D18AB700F1C2D2 /* LoginModule.swift */; };
		849B9C4129D18B1D00F1C2D2 /* Login.swift in Sources */ = {isa = PBXBuildFile; fileRef = 849B9C4029D18B1D00F1C2D2 /* Login.swift */; };
		849B9C4429D1956B00F1C2D2 /* PinTextField.swift in Sources */ = {isa = PBXBuildFile; fileRef = 849B9C4329D1956B00F1C2D2 /* PinTextField.swift */; };
		849B9C4629D1E6EB00F1C2D2 /* PinViewDelegate.swift in Sources */ = {isa = PBXBuildFile; fileRef = 849B9C4529D1E6EB00F1C2D2 /* PinViewDelegate.swift */; };
		84B7455429E45F5E0086C708 /* SquadModel.swift in Sources */ = {isa = PBXBuildFile; fileRef = 84B7455329E45F5E0086C708 /* SquadModel.swift */; };
		84B7455629E45FB90086C708 /* CoachModel.swift in Sources */ = {isa = PBXBuildFile; fileRef = 84B7455529E45FB90086C708 /* CoachModel.swift */; };
		84B7455829E460080086C708 /* RosterModel.swift in Sources */ = {isa = PBXBuildFile; fileRef = 84B7455729E460080086C708 /* RosterModel.swift */; };
		84B7455A29E460EF0086C708 /* FormerPlayerModel.swift in Sources */ = {isa = PBXBuildFile; fileRef = 84B7455929E460EF0086C708 /* FormerPlayerModel.swift */; };
		84B7455C29E4629C0086C708 /* SponsorModel.swift in Sources */ = {isa = PBXBuildFile; fileRef = 84B7455B29E4629C0086C708 /* SponsorModel.swift */; };
		84B7455E29E4643A0086C708 /* AchivementModel.swift in Sources */ = {isa = PBXBuildFile; fileRef = 84B7455D29E4643A0086C708 /* AchivementModel.swift */; };
		84B7456029E467940086C708 /* TeamDetailsModel.swift in Sources */ = {isa = PBXBuildFile; fileRef = 84B7455F29E467940086C708 /* TeamDetailsModel.swift */; };
		84B7456229E46AA50086C708 /* SocialModel.swift in Sources */ = {isa = PBXBuildFile; fileRef = 84B7456129E46AA50086C708 /* SocialModel.swift */; };
		84B7456529E46EC00086C708 /* SquadViewModel.swift in Sources */ = {isa = PBXBuildFile; fileRef = 84B7456429E46EC00086C708 /* SquadViewModel.swift */; };
		84B7456729E46F0C0086C708 /* SquadViewDelegate.swift in Sources */ = {isa = PBXBuildFile; fileRef = 84B7456629E46F0C0086C708 /* SquadViewDelegate.swift */; };
		84B7456A29E484FC0086C708 /* AchivementPresenting.swift in Sources */ = {isa = PBXBuildFile; fileRef = 84B7456929E484FC0086C708 /* AchivementPresenting.swift */; };
		84B7456C29E4851D0086C708 /* AchivementViewDelegate.swift in Sources */ = {isa = PBXBuildFile; fileRef = 84B7456B29E4851D0086C708 /* AchivementViewDelegate.swift */; };
		84B7456E29E4857E0086C708 /* AchivementPresenter.swift in Sources */ = {isa = PBXBuildFile; fileRef = 84B7456D29E4857E0086C708 /* AchivementPresenter.swift */; };
		84B7457229E487AC0086C708 /* FormerPlayers.storyboard in Resources */ = {isa = PBXBuildFile; fileRef = 84B7457129E487AC0086C708 /* FormerPlayers.storyboard */; };
		84B7457429E487C30086C708 /* FormerPlayers.swift in Sources */ = {isa = PBXBuildFile; fileRef = 84B7457329E487C30086C708 /* FormerPlayers.swift */; };
		84B7457629E487CF0086C708 /* FormerPlayersModule.swift in Sources */ = {isa = PBXBuildFile; fileRef = 84B7457529E487CF0086C708 /* FormerPlayersModule.swift */; };
		84B7457A29E489090086C708 /* FormerPlayerTableViewCell.swift in Sources */ = {isa = PBXBuildFile; fileRef = 84B7457829E489090086C708 /* FormerPlayerTableViewCell.swift */; };
		84B7457B29E489090086C708 /* FormerPlayerTableViewCell.xib in Resources */ = {isa = PBXBuildFile; fileRef = 84B7457929E489090086C708 /* FormerPlayerTableViewCell.xib */; };
		84B7457E29E490B80086C708 /* FormerPlayersPresenting.swift in Sources */ = {isa = PBXBuildFile; fileRef = 84B7457D29E490B80086C708 /* FormerPlayersPresenting.swift */; };
		84B7458029E490DC0086C708 /* FormerPlayersViewDelegate.swift in Sources */ = {isa = PBXBuildFile; fileRef = 84B7457F29E490DC0086C708 /* FormerPlayersViewDelegate.swift */; };
		84B7458229E491730086C708 /* FormerPlayersPresenter.swift in Sources */ = {isa = PBXBuildFile; fileRef = 84B7458129E491730086C708 /* FormerPlayersPresenter.swift */; };
		84CF09E329D990F500F87400 /* PhoneNumberView.xib in Resources */ = {isa = PBXBuildFile; fileRef = 84CF09E229D990F500F87400 /* PhoneNumberView.xib */; };
		84CF09E529D9934800F87400 /* PhoneNumberView.swift in Sources */ = {isa = PBXBuildFile; fileRef = 84CF09E429D9934800F87400 /* PhoneNumberView.swift */; };
		84CF09EA29D9E82100F87400 /* InApp.storyboard in Resources */ = {isa = PBXBuildFile; fileRef = 84CF09E929D9E82100F87400 /* InApp.storyboard */; };
		84CF09EE29D9E87C00F87400 /* Home.storyboard in Resources */ = {isa = PBXBuildFile; fileRef = 84CF09ED29D9E87C00F87400 /* Home.storyboard */; };
		84CF09F029D9E8A400F87400 /* InApp.swift in Sources */ = {isa = PBXBuildFile; fileRef = 84CF09EF29D9E8A400F87400 /* InApp.swift */; };
		84CF09F229D9E8B700F87400 /* InAppModule.swift in Sources */ = {isa = PBXBuildFile; fileRef = 84CF09F129D9E8B700F87400 /* InAppModule.swift */; };
		84CF09F429D9E91400F87400 /* Home.swift in Sources */ = {isa = PBXBuildFile; fileRef = 84CF09F329D9E91400F87400 /* Home.swift */; };
		84CF09F629D9E92800F87400 /* HomeModule.swift in Sources */ = {isa = PBXBuildFile; fileRef = 84CF09F529D9E92800F87400 /* HomeModule.swift */; };
		84CF09FA29D9F7A000F87400 /* Rank.storyboard in Resources */ = {isa = PBXBuildFile; fileRef = 84CF09F929D9F7A000F87400 /* Rank.storyboard */; };
		84CF09FC29D9F7AF00F87400 /* Rank.swift in Sources */ = {isa = PBXBuildFile; fileRef = 84CF09FB29D9F7AF00F87400 /* Rank.swift */; };
		84CF09FE29D9F7C500F87400 /* RankModule.swift in Sources */ = {isa = PBXBuildFile; fileRef = 84CF09FD29D9F7C500F87400 /* RankModule.swift */; };
		84CF0A0229D9FA2200F87400 /* Match.storyboard in Resources */ = {isa = PBXBuildFile; fileRef = 84CF0A0129D9FA2200F87400 /* Match.storyboard */; };
		84CF0A0429D9FA4800F87400 /* Match.swift in Sources */ = {isa = PBXBuildFile; fileRef = 84CF0A0329D9FA4800F87400 /* Match.swift */; };
		84CF0A0629D9FA5D00F87400 /* MatchModule.swift in Sources */ = {isa = PBXBuildFile; fileRef = 84CF0A0529D9FA5D00F87400 /* MatchModule.swift */; };
		84CF0A0A29D9FAAE00F87400 /* Tour.storyboard in Resources */ = {isa = PBXBuildFile; fileRef = 84CF0A0929D9FAAE00F87400 /* Tour.storyboard */; };
		84CF0A0C29D9FAB900F87400 /* Tour.swift in Sources */ = {isa = PBXBuildFile; fileRef = 84CF0A0B29D9FAB900F87400 /* Tour.swift */; };
		84CF0A0E29D9FACB00F87400 /* TourModule.swift in Sources */ = {isa = PBXBuildFile; fileRef = 84CF0A0D29D9FACB00F87400 /* TourModule.swift */; };
		84CF0A1229D9FB1D00F87400 /* Shop.storyboard in Resources */ = {isa = PBXBuildFile; fileRef = 84CF0A1129D9FB1D00F87400 /* Shop.storyboard */; };
		84CF0A1429D9FB2800F87400 /* Shop.swift in Sources */ = {isa = PBXBuildFile; fileRef = 84CF0A1329D9FB2800F87400 /* Shop.swift */; };
		84CF0A1629D9FB3900F87400 /* ShopModule.swift in Sources */ = {isa = PBXBuildFile; fileRef = 84CF0A1529D9FB3900F87400 /* ShopModule.swift */; };
		84D9C46A29E277C8006B06DD /* CreatorObject.swift in Sources */ = {isa = PBXBuildFile; fileRef = 84D9C46929E277C8006B06DD /* CreatorObject.swift */; };
		84D9C46C29E27E08006B06DD /* NetworkBaseURLs.swift in Sources */ = {isa = PBXBuildFile; fileRef = 84D9C46B29E27E08006B06DD /* NetworkBaseURLs.swift */; };
		84D9C46E29E2822E006B06DD /* CasterObject.swift in Sources */ = {isa = PBXBuildFile; fileRef = 84D9C46D29E2822E006B06DD /* CasterObject.swift */; };
		84D9C47029E2C56F006B06DD /* TeamDetails.swift in Sources */ = {isa = PBXBuildFile; fileRef = 84D9C46F29E2C56F006B06DD /* TeamDetails.swift */; };
		84D9C47329E2CA80006B06DD /* DetailsPresenting.swift in Sources */ = {isa = PBXBuildFile; fileRef = 84D9C47229E2CA80006B06DD /* DetailsPresenting.swift */; };
		84D9C47529E2CAAE006B06DD /* DetailsPresenter.swift in Sources */ = {isa = PBXBuildFile; fileRef = 84D9C47429E2CAAE006B06DD /* DetailsPresenter.swift */; };
		84D9C47729E2CE27006B06DD /* DetailsViewDelegate.swift in Sources */ = {isa = PBXBuildFile; fileRef = 84D9C47629E2CE27006B06DD /* DetailsViewDelegate.swift */; };
		84F5FAF229DE81D800734CAE /* Pagination.swift in Sources */ = {isa = PBXBuildFile; fileRef = 84F5FAF129DE81D800734CAE /* Pagination.swift */; };
		84F5FAF429DE85D000734CAE /* LoadingTableViewCell.swift in Sources */ = {isa = PBXBuildFile; fileRef = 84F5FAF329DE85D000734CAE /* LoadingTableViewCell.swift */; };
		84F5FAF829DEAE3300734CAE /* Search.storyboard in Resources */ = {isa = PBXBuildFile; fileRef = 84F5FAF729DEAE3300734CAE /* Search.storyboard */; };
		84F5FAFA29DEAFCB00734CAE /* Search.swift in Sources */ = {isa = PBXBuildFile; fileRef = 84F5FAF929DEAFCB00734CAE /* Search.swift */; };
		84F5FAFC29DEB13A00734CAE /* SearchModule.swift in Sources */ = {isa = PBXBuildFile; fileRef = 84F5FAFB29DEB13A00734CAE /* SearchModule.swift */; };
		84F5FB0029DEB46500734CAE /* SearchTableViewCell.swift in Sources */ = {isa = PBXBuildFile; fileRef = 84F5FAFE29DEB46500734CAE /* SearchTableViewCell.swift */; };
		84F5FB0129DEB46500734CAE /* SearchTableViewCell.xib in Resources */ = {isa = PBXBuildFile; fileRef = 84F5FAFF29DEB46500734CAE /* SearchTableViewCell.xib */; };
		84F5FB0329DEB82C00734CAE /* TeamSearchResultModel.swift in Sources */ = {isa = PBXBuildFile; fileRef = 84F5FB0229DEB82C00734CAE /* TeamSearchResultModel.swift */; };
		84F5FB0529DEBCD200734CAE /* PlayerSearchResultModel.swift in Sources */ = {isa = PBXBuildFile; fileRef = 84F5FB0429DEBCD200734CAE /* PlayerSearchResultModel.swift */; };
		84F5FB0B29DEC48200734CAE /* SearchPresenting.swift in Sources */ = {isa = PBXBuildFile; fileRef = 84F5FB0A29DEC48200734CAE /* SearchPresenting.swift */; };
		84F5FB0D29DEC49D00734CAE /* SearchViewDelegate.swift in Sources */ = {isa = PBXBuildFile; fileRef = 84F5FB0C29DEC49D00734CAE /* SearchViewDelegate.swift */; };
		84F5FB0F29DEC56F00734CAE /* SearchInteracting.swift in Sources */ = {isa = PBXBuildFile; fileRef = 84F5FB0E29DEC56F00734CAE /* SearchInteracting.swift */; };
		84F5FB1129DEC5DC00734CAE /* SearchInteractor.swift in Sources */ = {isa = PBXBuildFile; fileRef = 84F5FB1029DEC5DC00734CAE /* SearchInteractor.swift */; };
		84F5FB1329DEC66700734CAE /* SearchPresenter.swift in Sources */ = {isa = PBXBuildFile; fileRef = 84F5FB1229DEC66700734CAE /* SearchPresenter.swift */; };
		84F5FB1629DECD0000734CAE /* LoadingPresentable.swift in Sources */ = {isa = PBXBuildFile; fileRef = 84F5FB1529DECD0000734CAE /* LoadingPresentable.swift */; };
		84F602E729DC7EB800250C25 /* FilterSetting.storyboard in Resources */ = {isa = PBXBuildFile; fileRef = 84F602E629DC7EB800250C25 /* FilterSetting.storyboard */; };
		84F602E929DC7ECF00250C25 /* FilterSetting.swift in Sources */ = {isa = PBXBuildFile; fileRef = 84F602E829DC7ECF00250C25 /* FilterSetting.swift */; };
		84F602EB29DC7EE600250C25 /* FilterSettingModule.swift in Sources */ = {isa = PBXBuildFile; fileRef = 84F602EA29DC7EE600250C25 /* FilterSettingModule.swift */; };
		84F602F029DC809A00250C25 /* FilterSettingTableViewCell.swift in Sources */ = {isa = PBXBuildFile; fileRef = 84F602EE29DC809A00250C25 /* FilterSettingTableViewCell.swift */; };
		84F602F129DC809A00250C25 /* FilterSettingTableViewCell.xib in Resources */ = {isa = PBXBuildFile; fileRef = 84F602EF29DC809A00250C25 /* FilterSettingTableViewCell.xib */; };
		84F602F529DC84E000250C25 /* RankPresenting.swift in Sources */ = {isa = PBXBuildFile; fileRef = 84F602F429DC84E000250C25 /* RankPresenting.swift */; };
		84F602F729DC851400250C25 /* RankPresenter.swift in Sources */ = {isa = PBXBuildFile; fileRef = 84F602F629DC851400250C25 /* RankPresenter.swift */; };
		84F602F929DC852F00250C25 /* RankRouting.swift in Sources */ = {isa = PBXBuildFile; fileRef = 84F602F829DC852F00250C25 /* RankRouting.swift */; };
		84F602FB29DC85A400250C25 /* RankRouter.swift in Sources */ = {isa = PBXBuildFile; fileRef = 84F602FA29DC85A400250C25 /* RankRouter.swift */; };
		84F602FD29DC861B00250C25 /* RankViewDelegate.swift in Sources */ = {isa = PBXBuildFile; fileRef = 84F602FC29DC861B00250C25 /* RankViewDelegate.swift */; };
		84F6C5AE29CA12E800D21EE2 /* AppDelegate.swift in Sources */ = {isa = PBXBuildFile; fileRef = 84F6C5AD29CA12E800D21EE2 /* AppDelegate.swift */; };
		84F6C5B029CA12E800D21EE2 /* SceneDelegate.swift in Sources */ = {isa = PBXBuildFile; fileRef = 84F6C5AF29CA12E800D21EE2 /* SceneDelegate.swift */; };
		84F6C5B229CA12E800D21EE2 /* ViewController.swift in Sources */ = {isa = PBXBuildFile; fileRef = 84F6C5B129CA12E800D21EE2 /* ViewController.swift */; };
		84F6C5B529CA12E800D21EE2 /* Main.storyboard in Resources */ = {isa = PBXBuildFile; fileRef = 84F6C5B329CA12E800D21EE2 /* Main.storyboard */; };
		84F6C5B729CA12E900D21EE2 /* Assets.xcassets in Resources */ = {isa = PBXBuildFile; fileRef = 84F6C5B629CA12E900D21EE2 /* Assets.xcassets */; };
		84F6C5BA29CA12E900D21EE2 /* LaunchScreen.storyboard in Resources */ = {isa = PBXBuildFile; fileRef = 84F6C5B829CA12E900D21EE2 /* LaunchScreen.storyboard */; };
		84F6C5C529CA12E900D21EE2 /* AiOESportsTests.swift in Sources */ = {isa = PBXBuildFile; fileRef = 84F6C5C429CA12E900D21EE2 /* AiOESportsTests.swift */; };
		84F6C5CF29CA12E900D21EE2 /* AiOESportsUITests.swift in Sources */ = {isa = PBXBuildFile; fileRef = 84F6C5CE29CA12E900D21EE2 /* AiOESportsUITests.swift */; };
		84F6C5D129CA12E900D21EE2 /* AiOESportsUITestsLaunchTests.swift in Sources */ = {isa = PBXBuildFile; fileRef = 84F6C5D029CA12E900D21EE2 /* AiOESportsUITestsLaunchTests.swift */; };
		84F6C5E229CA151100D21EE2 /* Onboarding.storyboard in Resources */ = {isa = PBXBuildFile; fileRef = 84F6C5E129CA151100D21EE2 /* Onboarding.storyboard */; };
		84F6C5E429CA17B300D21EE2 /* Onboarding.swift in Sources */ = {isa = PBXBuildFile; fileRef = 84F6C5E329CA17B300D21EE2 /* Onboarding.swift */; };
		84F6C5E729CA183500D21EE2 /* OnboardingModule.swift in Sources */ = {isa = PBXBuildFile; fileRef = 84F6C5E629CA183500D21EE2 /* OnboardingModule.swift */; };
		84F6C5EA29CA18F400D21EE2 /* OnboardingImageCollectionCell.swift in Sources */ = {isa = PBXBuildFile; fileRef = 84F6C5E929CA18F400D21EE2 /* OnboardingImageCollectionCell.swift */; };
/* End PBXBuildFile section */

/* Begin PBXContainerItemProxy section */
		84F6C5C129CA12E900D21EE2 /* PBXContainerItemProxy */ = {
			isa = PBXContainerItemProxy;
			containerPortal = 84F6C5A229CA12E800D21EE2 /* Project object */;
			proxyType = 1;
			remoteGlobalIDString = 84F6C5A929CA12E800D21EE2;
			remoteInfo = AiOESports;
		};
		84F6C5CB29CA12E900D21EE2 /* PBXContainerItemProxy */ = {
			isa = PBXContainerItemProxy;
			containerPortal = 84F6C5A229CA12E800D21EE2 /* Project object */;
			proxyType = 1;
			remoteGlobalIDString = 84F6C5A929CA12E800D21EE2;
			remoteInfo = AiOESports;
		};
/* End PBXContainerItemProxy section */

/* Begin PBXFileReference section */
		52DA465FE799102727AED817 /* Pods_AiOESports_AiOESportsUITests.framework */ = {isa = PBXFileReference; explicitFileType = wrapper.framework; includeInIndex = 0; path = Pods_AiOESports_AiOESportsUITests.framework; sourceTree = BUILT_PRODUCTS_DIR; };
		585AFC3DD7B072B78AEA5F10 /* Pods-AiOESportsTests.debug.xcconfig */ = {isa = PBXFileReference; includeInIndex = 1; lastKnownFileType = text.xcconfig; name = "Pods-AiOESportsTests.debug.xcconfig"; path = "Target Support Files/Pods-AiOESportsTests/Pods-AiOESportsTests.debug.xcconfig"; sourceTree = "<group>"; };
		8188D3AE419488E24BC82362 /* Pods-AiOESports.release.xcconfig */ = {isa = PBXFileReference; includeInIndex = 1; lastKnownFileType = text.xcconfig; name = "Pods-AiOESports.release.xcconfig"; path = "Target Support Files/Pods-AiOESports/Pods-AiOESports.release.xcconfig"; sourceTree = "<group>"; };
		842AE8C529DB164D0036FF05 /* ImageCollectionViewCell.swift */ = {isa = PBXFileReference; lastKnownFileType = sourcecode.swift; path = ImageCollectionViewCell.swift; sourceTree = "<group>"; };
		842AE8C829DB3FDD0036FF05 /* CategoryCollectionViewCell.swift */ = {isa = PBXFileReference; lastKnownFileType = sourcecode.swift; path = CategoryCollectionViewCell.swift; sourceTree = "<group>"; };
		842AE8CA29DB45320036FF05 /* GameCategoryCollectionViewCell.swift */ = {isa = PBXFileReference; lastKnownFileType = sourcecode.swift; path = GameCategoryCollectionViewCell.swift; sourceTree = "<group>"; };
		842AE8CC29DB4B580036FF05 /* RankingCollectionViewCell.swift */ = {isa = PBXFileReference; lastKnownFileType = sourcecode.swift; path = RankingCollectionViewCell.swift; sourceTree = "<group>"; };
		842DF92529D88A6200B24F1A /* Fonts.swift */ = {isa = PBXFileReference; lastKnownFileType = sourcecode.swift; path = Fonts.swift; sourceTree = "<group>"; };
		8459D57A29DDBD4C00DDF266 /* NetworkError.swift */ = {isa = PBXFileReference; lastKnownFileType = sourcecode.swift; path = NetworkError.swift; sourceTree = "<group>"; };
		8459D57C29DDBDD900DDF266 /* ApiRouter.swift */ = {isa = PBXFileReference; lastKnownFileType = sourcecode.swift; path = ApiRouter.swift; sourceTree = "<group>"; };
		8459D57E29DDC0CF00DDF266 /* NetworkService.swift */ = {isa = PBXFileReference; lastKnownFileType = sourcecode.swift; path = NetworkService.swift; sourceTree = "<group>"; };
		8459D58129DDC99500DDF266 /* TeamObject.swift */ = {isa = PBXFileReference; lastKnownFileType = sourcecode.swift; path = TeamObject.swift; sourceTree = "<group>"; };
		8459D58329DDC9BB00DDF266 /* BaseNetworkResponse.swift */ = {isa = PBXFileReference; lastKnownFileType = sourcecode.swift; path = BaseNetworkResponse.swift; sourceTree = "<group>"; };
		8459D58629DDF66B00DDF266 /* Enums.swift */ = {isa = PBXFileReference; lastKnownFileType = sourcecode.swift; path = Enums.swift; sourceTree = "<group>"; };
		84725AAC29E07DB8003658CD /* FilterSettingPresenting.swift */ = {isa = PBXFileReference; lastKnownFileType = sourcecode.swift; path = FilterSettingPresenting.swift; sourceTree = "<group>"; };
		84725AAE29E07E69003658CD /* FilterSettingPresenter.swift */ = {isa = PBXFileReference; lastKnownFileType = sourcecode.swift; path = FilterSettingPresenter.swift; sourceTree = "<group>"; };
		84725AB029E07EAF003658CD /* FilterSettingViewDelegate.swift */ = {isa = PBXFileReference; lastKnownFileType = sourcecode.swift; path = FilterSettingViewDelegate.swift; sourceTree = "<group>"; };
		84725AB229E088B5003658CD /* FilterSettingDelegate.swift */ = {isa = PBXFileReference; lastKnownFileType = sourcecode.swift; path = FilterSettingDelegate.swift; sourceTree = "<group>"; };
		84725AB629E1211E003658CD /* Details.storyboard */ = {isa = PBXFileReference; lastKnownFileType = file.storyboard; path = Details.storyboard; sourceTree = "<group>"; };
		84725AB829E1274B003658CD /* Details.swift */ = {isa = PBXFileReference; lastKnownFileType = sourcecode.swift; path = Details.swift; sourceTree = "<group>"; };
		84725ABA29E12767003658CD /* DetailsModule.swift */ = {isa = PBXFileReference; lastKnownFileType = sourcecode.swift; path = DetailsModule.swift; sourceTree = "<group>"; };
		84725ABE29E12B18003658CD /* Squad.storyboard */ = {isa = PBXFileReference; lastKnownFileType = file.storyboard; path = Squad.storyboard; sourceTree = "<group>"; };
		84725AC029E12BE1003658CD /* Squad.swift */ = {isa = PBXFileReference; lastKnownFileType = sourcecode.swift; path = Squad.swift; sourceTree = "<group>"; };
		84725AC229E12BF8003658CD /* SquadModule.swift */ = {isa = PBXFileReference; lastKnownFileType = sourcecode.swift; path = SquadModule.swift; sourceTree = "<group>"; };
		84725AC529E12C95003658CD /* SquadTableViewCell.swift */ = {isa = PBXFileReference; lastKnownFileType = sourcecode.swift; path = SquadTableViewCell.swift; sourceTree = "<group>"; };
		84725AC629E12C95003658CD /* SquadTableViewCell.xib */ = {isa = PBXFileReference; lastKnownFileType = file.xib; path = SquadTableViewCell.xib; sourceTree = "<group>"; };
		84725ACB29E16AE4003658CD /* Achivement.storyboard */ = {isa = PBXFileReference; lastKnownFileType = file.storyboard; path = Achivement.storyboard; sourceTree = "<group>"; };
		84725ACD29E16B0F003658CD /* Achivement.swift */ = {isa = PBXFileReference; lastKnownFileType = sourcecode.swift; path = Achivement.swift; sourceTree = "<group>"; };
		84725ACF29E16B2E003658CD /* AchivementModule.swift */ = {isa = PBXFileReference; lastKnownFileType = sourcecode.swift; path = AchivementModule.swift; sourceTree = "<group>"; };
		84725AD229E16BA5003658CD /* AchivementTableViewCell.swift */ = {isa = PBXFileReference; lastKnownFileType = sourcecode.swift; path = AchivementTableViewCell.swift; sourceTree = "<group>"; };
		84725AD329E16BA5003658CD /* AchivementTableViewCell.xib */ = {isa = PBXFileReference; lastKnownFileType = file.xib; path = AchivementTableViewCell.xib; sourceTree = "<group>"; };
		84725AD629E1D4EA003658CD /* PlayerObject.swift */ = {isa = PBXFileReference; lastKnownFileType = sourcecode.swift; path = PlayerObject.swift; sourceTree = "<group>"; };
		84725AD829E1D8D9003658CD /* RankPresentable.swift */ = {isa = PBXFileReference; lastKnownFileType = sourcecode.swift; path = RankPresentable.swift; sourceTree = "<group>"; };
		849B9C2329CEEB1400F1C2D2 /* Colors.xcassets */ = {isa = PBXFileReference; lastKnownFileType = folder.assetcatalog; path = Colors.xcassets; sourceTree = "<group>"; };
		849B9C2529CEEB3400F1C2D2 /* Colors.swift */ = {isa = PBXFileReference; lastKnownFileType = sourcecode.swift; path = Colors.swift; sourceTree = "<group>"; };
		849B9C2829CEEDCB00F1C2D2 /* Images.xcassets */ = {isa = PBXFileReference; lastKnownFileType = folder.assetcatalog; path = Images.xcassets; sourceTree = "<group>"; };
		849B9C2A29CEEDF700F1C2D2 /* Images.swift */ = {isa = PBXFileReference; lastKnownFileType = sourcecode.swift; path = Images.swift; sourceTree = "<group>"; };
		849B9C2D29CEEF2100F1C2D2 /* OnboardingViewModel.swift */ = {isa = PBXFileReference; lastKnownFileType = sourcecode.swift; path = OnboardingViewModel.swift; sourceTree = "<group>"; };
		849B9C2F29CEEF9800F1C2D2 /* OnboardingViewProtocol.swift */ = {isa = PBXFileReference; lastKnownFileType = sourcecode.swift; path = OnboardingViewProtocol.swift; sourceTree = "<group>"; };
		849B9C3429D185D100F1C2D2 /* NibLoadable.swift */ = {isa = PBXFileReference; lastKnownFileType = sourcecode.swift; path = NibLoadable.swift; sourceTree = "<group>"; };
		849B9C3629D1869000F1C2D2 /* PinView.xib */ = {isa = PBXFileReference; lastKnownFileType = file.xib; path = PinView.xib; sourceTree = "<group>"; };
		849B9C3829D187B200F1C2D2 /* PinView.swift */ = {isa = PBXFileReference; lastKnownFileType = sourcecode.swift; path = PinView.swift; sourceTree = "<group>"; };
		849B9C3C29D18AAB00F1C2D2 /* Login.storyboard */ = {isa = PBXFileReference; lastKnownFileType = file.storyboard; path = Login.storyboard; sourceTree = "<group>"; };
		849B9C3E29D18AB700F1C2D2 /* LoginModule.swift */ = {isa = PBXFileReference; lastKnownFileType = sourcecode.swift; path = LoginModule.swift; sourceTree = "<group>"; };
		849B9C4029D18B1D00F1C2D2 /* Login.swift */ = {isa = PBXFileReference; lastKnownFileType = sourcecode.swift; path = Login.swift; sourceTree = "<group>"; };
		849B9C4329D1956B00F1C2D2 /* PinTextField.swift */ = {isa = PBXFileReference; lastKnownFileType = sourcecode.swift; path = PinTextField.swift; sourceTree = "<group>"; };
		849B9C4529D1E6EB00F1C2D2 /* PinViewDelegate.swift */ = {isa = PBXFileReference; lastKnownFileType = sourcecode.swift; path = PinViewDelegate.swift; sourceTree = "<group>"; };
		84B7455329E45F5E0086C708 /* SquadModel.swift */ = {isa = PBXFileReference; lastKnownFileType = sourcecode.swift; path = SquadModel.swift; sourceTree = "<group>"; };
		84B7455529E45FB90086C708 /* CoachModel.swift */ = {isa = PBXFileReference; lastKnownFileType = sourcecode.swift; path = CoachModel.swift; sourceTree = "<group>"; };
		84B7455729E460080086C708 /* RosterModel.swift */ = {isa = PBXFileReference; lastKnownFileType = sourcecode.swift; path = RosterModel.swift; sourceTree = "<group>"; };
		84B7455929E460EF0086C708 /* FormerPlayerModel.swift */ = {isa = PBXFileReference; lastKnownFileType = sourcecode.swift; path = FormerPlayerModel.swift; sourceTree = "<group>"; };
		84B7455B29E4629C0086C708 /* SponsorModel.swift */ = {isa = PBXFileReference; lastKnownFileType = sourcecode.swift; path = SponsorModel.swift; sourceTree = "<group>"; };
		84B7455D29E4643A0086C708 /* AchivementModel.swift */ = {isa = PBXFileReference; lastKnownFileType = sourcecode.swift; path = AchivementModel.swift; sourceTree = "<group>"; };
		84B7455F29E467940086C708 /* TeamDetailsModel.swift */ = {isa = PBXFileReference; lastKnownFileType = sourcecode.swift; path = TeamDetailsModel.swift; sourceTree = "<group>"; };
		84B7456129E46AA50086C708 /* SocialModel.swift */ = {isa = PBXFileReference; lastKnownFileType = sourcecode.swift; path = SocialModel.swift; sourceTree = "<group>"; };
		84B7456429E46EC00086C708 /* SquadViewModel.swift */ = {isa = PBXFileReference; lastKnownFileType = sourcecode.swift; path = SquadViewModel.swift; sourceTree = "<group>"; };
		84B7456629E46F0C0086C708 /* SquadViewDelegate.swift */ = {isa = PBXFileReference; lastKnownFileType = sourcecode.swift; path = SquadViewDelegate.swift; sourceTree = "<group>"; };
		84B7456929E484FC0086C708 /* AchivementPresenting.swift */ = {isa = PBXFileReference; lastKnownFileType = sourcecode.swift; path = AchivementPresenting.swift; sourceTree = "<group>"; };
		84B7456B29E4851D0086C708 /* AchivementViewDelegate.swift */ = {isa = PBXFileReference; lastKnownFileType = sourcecode.swift; path = AchivementViewDelegate.swift; sourceTree = "<group>"; };
		84B7456D29E4857E0086C708 /* AchivementPresenter.swift */ = {isa = PBXFileReference; lastKnownFileType = sourcecode.swift; path = AchivementPresenter.swift; sourceTree = "<group>"; };
		84B7457129E487AC0086C708 /* FormerPlayers.storyboard */ = {isa = PBXFileReference; lastKnownFileType = file.storyboard; path = FormerPlayers.storyboard; sourceTree = "<group>"; };
		84B7457329E487C30086C708 /* FormerPlayers.swift */ = {isa = PBXFileReference; lastKnownFileType = sourcecode.swift; path = FormerPlayers.swift; sourceTree = "<group>"; };
		84B7457529E487CF0086C708 /* FormerPlayersModule.swift */ = {isa = PBXFileReference; lastKnownFileType = sourcecode.swift; path = FormerPlayersModule.swift; sourceTree = "<group>"; };
		84B7457829E489090086C708 /* FormerPlayerTableViewCell.swift */ = {isa = PBXFileReference; lastKnownFileType = sourcecode.swift; path = FormerPlayerTableViewCell.swift; sourceTree = "<group>"; };
		84B7457929E489090086C708 /* FormerPlayerTableViewCell.xib */ = {isa = PBXFileReference; lastKnownFileType = file.xib; path = FormerPlayerTableViewCell.xib; sourceTree = "<group>"; };
		84B7457D29E490B80086C708 /* FormerPlayersPresenting.swift */ = {isa = PBXFileReference; lastKnownFileType = sourcecode.swift; path = FormerPlayersPresenting.swift; sourceTree = "<group>"; };
		84B7457F29E490DC0086C708 /* FormerPlayersViewDelegate.swift */ = {isa = PBXFileReference; lastKnownFileType = sourcecode.swift; path = FormerPlayersViewDelegate.swift; sourceTree = "<group>"; };
		84B7458129E491730086C708 /* FormerPlayersPresenter.swift */ = {isa = PBXFileReference; lastKnownFileType = sourcecode.swift; path = FormerPlayersPresenter.swift; sourceTree = "<group>"; };
		84CF09E229D990F500F87400 /* PhoneNumberView.xib */ = {isa = PBXFileReference; lastKnownFileType = file.xib; path = PhoneNumberView.xib; sourceTree = "<group>"; };
		84CF09E429D9934800F87400 /* PhoneNumberView.swift */ = {isa = PBXFileReference; lastKnownFileType = sourcecode.swift; path = PhoneNumberView.swift; sourceTree = "<group>"; };
		84CF09E929D9E82100F87400 /* InApp.storyboard */ = {isa = PBXFileReference; lastKnownFileType = file.storyboard; path = InApp.storyboard; sourceTree = "<group>"; };
		84CF09ED29D9E87C00F87400 /* Home.storyboard */ = {isa = PBXFileReference; lastKnownFileType = file.storyboard; path = Home.storyboard; sourceTree = "<group>"; };
		84CF09EF29D9E8A400F87400 /* InApp.swift */ = {isa = PBXFileReference; lastKnownFileType = sourcecode.swift; path = InApp.swift; sourceTree = "<group>"; };
		84CF09F129D9E8B700F87400 /* InAppModule.swift */ = {isa = PBXFileReference; lastKnownFileType = sourcecode.swift; path = InAppModule.swift; sourceTree = "<group>"; };
		84CF09F329D9E91400F87400 /* Home.swift */ = {isa = PBXFileReference; lastKnownFileType = sourcecode.swift; path = Home.swift; sourceTree = "<group>"; };
		84CF09F529D9E92800F87400 /* HomeModule.swift */ = {isa = PBXFileReference; lastKnownFileType = sourcecode.swift; path = HomeModule.swift; sourceTree = "<group>"; };
		84CF09F929D9F7A000F87400 /* Rank.storyboard */ = {isa = PBXFileReference; lastKnownFileType = file.storyboard; path = Rank.storyboard; sourceTree = "<group>"; };
		84CF09FB29D9F7AF00F87400 /* Rank.swift */ = {isa = PBXFileReference; lastKnownFileType = sourcecode.swift; path = Rank.swift; sourceTree = "<group>"; };
		84CF09FD29D9F7C500F87400 /* RankModule.swift */ = {isa = PBXFileReference; lastKnownFileType = sourcecode.swift; path = RankModule.swift; sourceTree = "<group>"; };
		84CF0A0129D9FA2200F87400 /* Match.storyboard */ = {isa = PBXFileReference; lastKnownFileType = file.storyboard; path = Match.storyboard; sourceTree = "<group>"; };
		84CF0A0329D9FA4800F87400 /* Match.swift */ = {isa = PBXFileReference; lastKnownFileType = sourcecode.swift; path = Match.swift; sourceTree = "<group>"; };
		84CF0A0529D9FA5D00F87400 /* MatchModule.swift */ = {isa = PBXFileReference; lastKnownFileType = sourcecode.swift; path = MatchModule.swift; sourceTree = "<group>"; };
		84CF0A0929D9FAAE00F87400 /* Tour.storyboard */ = {isa = PBXFileReference; lastKnownFileType = file.storyboard; path = Tour.storyboard; sourceTree = "<group>"; };
		84CF0A0B29D9FAB900F87400 /* Tour.swift */ = {isa = PBXFileReference; lastKnownFileType = sourcecode.swift; path = Tour.swift; sourceTree = "<group>"; };
		84CF0A0D29D9FACB00F87400 /* TourModule.swift */ = {isa = PBXFileReference; lastKnownFileType = sourcecode.swift; path = TourModule.swift; sourceTree = "<group>"; };
		84CF0A1129D9FB1D00F87400 /* Shop.storyboard */ = {isa = PBXFileReference; lastKnownFileType = file.storyboard; path = Shop.storyboard; sourceTree = "<group>"; };
		84CF0A1329D9FB2800F87400 /* Shop.swift */ = {isa = PBXFileReference; lastKnownFileType = sourcecode.swift; path = Shop.swift; sourceTree = "<group>"; };
		84CF0A1529D9FB3900F87400 /* ShopModule.swift */ = {isa = PBXFileReference; lastKnownFileType = sourcecode.swift; path = ShopModule.swift; sourceTree = "<group>"; };
		84D9C46929E277C8006B06DD /* CreatorObject.swift */ = {isa = PBXFileReference; lastKnownFileType = sourcecode.swift; path = CreatorObject.swift; sourceTree = "<group>"; };
		84D9C46B29E27E08006B06DD /* NetworkBaseURLs.swift */ = {isa = PBXFileReference; lastKnownFileType = sourcecode.swift; path = NetworkBaseURLs.swift; sourceTree = "<group>"; };
		84D9C46D29E2822E006B06DD /* CasterObject.swift */ = {isa = PBXFileReference; lastKnownFileType = sourcecode.swift; path = CasterObject.swift; sourceTree = "<group>"; };
		84D9C46F29E2C56F006B06DD /* TeamDetails.swift */ = {isa = PBXFileReference; lastKnownFileType = sourcecode.swift; path = TeamDetails.swift; sourceTree = "<group>"; };
		84D9C47229E2CA80006B06DD /* DetailsPresenting.swift */ = {isa = PBXFileReference; lastKnownFileType = sourcecode.swift; path = DetailsPresenting.swift; sourceTree = "<group>"; };
		84D9C47429E2CAAE006B06DD /* DetailsPresenter.swift */ = {isa = PBXFileReference; lastKnownFileType = sourcecode.swift; path = DetailsPresenter.swift; sourceTree = "<group>"; };
		84D9C47629E2CE27006B06DD /* DetailsViewDelegate.swift */ = {isa = PBXFileReference; lastKnownFileType = sourcecode.swift; path = DetailsViewDelegate.swift; sourceTree = "<group>"; };
		84F5FAF129DE81D800734CAE /* Pagination.swift */ = {isa = PBXFileReference; lastKnownFileType = sourcecode.swift; path = Pagination.swift; sourceTree = "<group>"; };
		84F5FAF329DE85D000734CAE /* LoadingTableViewCell.swift */ = {isa = PBXFileReference; lastKnownFileType = sourcecode.swift; path = LoadingTableViewCell.swift; sourceTree = "<group>"; };
		84F5FAF729DEAE3300734CAE /* Search.storyboard */ = {isa = PBXFileReference; lastKnownFileType = file.storyboard; path = Search.storyboard; sourceTree = "<group>"; };
		84F5FAF929DEAFCB00734CAE /* Search.swift */ = {isa = PBXFileReference; lastKnownFileType = sourcecode.swift; path = Search.swift; sourceTree = "<group>"; };
		84F5FAFB29DEB13A00734CAE /* SearchModule.swift */ = {isa = PBXFileReference; lastKnownFileType = sourcecode.swift; path = SearchModule.swift; sourceTree = "<group>"; };
		84F5FAFE29DEB46500734CAE /* SearchTableViewCell.swift */ = {isa = PBXFileReference; lastKnownFileType = sourcecode.swift; path = SearchTableViewCell.swift; sourceTree = "<group>"; };
		84F5FAFF29DEB46500734CAE /* SearchTableViewCell.xib */ = {isa = PBXFileReference; lastKnownFileType = file.xib; path = SearchTableViewCell.xib; sourceTree = "<group>"; };
		84F5FB0229DEB82C00734CAE /* TeamSearchResultModel.swift */ = {isa = PBXFileReference; lastKnownFileType = sourcecode.swift; path = TeamSearchResultModel.swift; sourceTree = "<group>"; };
		84F5FB0429DEBCD200734CAE /* PlayerSearchResultModel.swift */ = {isa = PBXFileReference; lastKnownFileType = sourcecode.swift; path = PlayerSearchResultModel.swift; sourceTree = "<group>"; };
		84F5FB0A29DEC48200734CAE /* SearchPresenting.swift */ = {isa = PBXFileReference; lastKnownFileType = sourcecode.swift; path = SearchPresenting.swift; sourceTree = "<group>"; };
		84F5FB0C29DEC49D00734CAE /* SearchViewDelegate.swift */ = {isa = PBXFileReference; lastKnownFileType = sourcecode.swift; path = SearchViewDelegate.swift; sourceTree = "<group>"; };
		84F5FB0E29DEC56F00734CAE /* SearchInteracting.swift */ = {isa = PBXFileReference; lastKnownFileType = sourcecode.swift; path = SearchInteracting.swift; sourceTree = "<group>"; };
		84F5FB1029DEC5DC00734CAE /* SearchInteractor.swift */ = {isa = PBXFileReference; lastKnownFileType = sourcecode.swift; path = SearchInteractor.swift; sourceTree = "<group>"; };
		84F5FB1229DEC66700734CAE /* SearchPresenter.swift */ = {isa = PBXFileReference; lastKnownFileType = sourcecode.swift; path = SearchPresenter.swift; sourceTree = "<group>"; };
		84F5FB1529DECD0000734CAE /* LoadingPresentable.swift */ = {isa = PBXFileReference; lastKnownFileType = sourcecode.swift; path = LoadingPresentable.swift; sourceTree = "<group>"; };
		84F602E629DC7EB800250C25 /* FilterSetting.storyboard */ = {isa = PBXFileReference; lastKnownFileType = file.storyboard; path = FilterSetting.storyboard; sourceTree = "<group>"; };
		84F602E829DC7ECF00250C25 /* FilterSetting.swift */ = {isa = PBXFileReference; lastKnownFileType = sourcecode.swift; path = FilterSetting.swift; sourceTree = "<group>"; };
		84F602EA29DC7EE600250C25 /* FilterSettingModule.swift */ = {isa = PBXFileReference; lastKnownFileType = sourcecode.swift; path = FilterSettingModule.swift; sourceTree = "<group>"; };
		84F602EE29DC809A00250C25 /* FilterSettingTableViewCell.swift */ = {isa = PBXFileReference; lastKnownFileType = sourcecode.swift; path = FilterSettingTableViewCell.swift; sourceTree = "<group>"; };
		84F602EF29DC809A00250C25 /* FilterSettingTableViewCell.xib */ = {isa = PBXFileReference; lastKnownFileType = file.xib; path = FilterSettingTableViewCell.xib; sourceTree = "<group>"; };
		84F602F429DC84E000250C25 /* RankPresenting.swift */ = {isa = PBXFileReference; lastKnownFileType = sourcecode.swift; path = RankPresenting.swift; sourceTree = "<group>"; };
		84F602F629DC851400250C25 /* RankPresenter.swift */ = {isa = PBXFileReference; lastKnownFileType = sourcecode.swift; path = RankPresenter.swift; sourceTree = "<group>"; };
		84F602F829DC852F00250C25 /* RankRouting.swift */ = {isa = PBXFileReference; lastKnownFileType = sourcecode.swift; path = RankRouting.swift; sourceTree = "<group>"; };
		84F602FA29DC85A400250C25 /* RankRouter.swift */ = {isa = PBXFileReference; lastKnownFileType = sourcecode.swift; path = RankRouter.swift; sourceTree = "<group>"; };
		84F602FC29DC861B00250C25 /* RankViewDelegate.swift */ = {isa = PBXFileReference; lastKnownFileType = sourcecode.swift; path = RankViewDelegate.swift; sourceTree = "<group>"; };
		84F6C5AA29CA12E800D21EE2 /* AiOESports.app */ = {isa = PBXFileReference; explicitFileType = wrapper.application; includeInIndex = 0; path = AiOESports.app; sourceTree = BUILT_PRODUCTS_DIR; };
		84F6C5AD29CA12E800D21EE2 /* AppDelegate.swift */ = {isa = PBXFileReference; lastKnownFileType = sourcecode.swift; path = AppDelegate.swift; sourceTree = "<group>"; };
		84F6C5AF29CA12E800D21EE2 /* SceneDelegate.swift */ = {isa = PBXFileReference; lastKnownFileType = sourcecode.swift; path = SceneDelegate.swift; sourceTree = "<group>"; };
		84F6C5B129CA12E800D21EE2 /* ViewController.swift */ = {isa = PBXFileReference; lastKnownFileType = sourcecode.swift; path = ViewController.swift; sourceTree = "<group>"; };
		84F6C5B429CA12E800D21EE2 /* Base */ = {isa = PBXFileReference; lastKnownFileType = file.storyboard; name = Base; path = Base.lproj/Main.storyboard; sourceTree = "<group>"; };
		84F6C5B629CA12E900D21EE2 /* Assets.xcassets */ = {isa = PBXFileReference; lastKnownFileType = folder.assetcatalog; path = Assets.xcassets; sourceTree = "<group>"; };
		84F6C5B929CA12E900D21EE2 /* Base */ = {isa = PBXFileReference; lastKnownFileType = file.storyboard; name = Base; path = Base.lproj/LaunchScreen.storyboard; sourceTree = "<group>"; };
		84F6C5BB29CA12E900D21EE2 /* Info.plist */ = {isa = PBXFileReference; lastKnownFileType = text.plist.xml; path = Info.plist; sourceTree = "<group>"; };
		84F6C5C029CA12E900D21EE2 /* AiOESportsTests.xctest */ = {isa = PBXFileReference; explicitFileType = wrapper.cfbundle; includeInIndex = 0; path = AiOESportsTests.xctest; sourceTree = BUILT_PRODUCTS_DIR; };
		84F6C5C429CA12E900D21EE2 /* AiOESportsTests.swift */ = {isa = PBXFileReference; lastKnownFileType = sourcecode.swift; path = AiOESportsTests.swift; sourceTree = "<group>"; };
		84F6C5CA29CA12E900D21EE2 /* AiOESportsUITests.xctest */ = {isa = PBXFileReference; explicitFileType = wrapper.cfbundle; includeInIndex = 0; path = AiOESportsUITests.xctest; sourceTree = BUILT_PRODUCTS_DIR; };
		84F6C5CE29CA12E900D21EE2 /* AiOESportsUITests.swift */ = {isa = PBXFileReference; lastKnownFileType = sourcecode.swift; path = AiOESportsUITests.swift; sourceTree = "<group>"; };
		84F6C5D029CA12E900D21EE2 /* AiOESportsUITestsLaunchTests.swift */ = {isa = PBXFileReference; lastKnownFileType = sourcecode.swift; path = AiOESportsUITestsLaunchTests.swift; sourceTree = "<group>"; };
		84F6C5E129CA151100D21EE2 /* Onboarding.storyboard */ = {isa = PBXFileReference; lastKnownFileType = file.storyboard; path = Onboarding.storyboard; sourceTree = "<group>"; };
		84F6C5E329CA17B300D21EE2 /* Onboarding.swift */ = {isa = PBXFileReference; lastKnownFileType = sourcecode.swift; path = Onboarding.swift; sourceTree = "<group>"; };
		84F6C5E629CA183500D21EE2 /* OnboardingModule.swift */ = {isa = PBXFileReference; lastKnownFileType = sourcecode.swift; path = OnboardingModule.swift; sourceTree = "<group>"; };
		84F6C5E929CA18F400D21EE2 /* OnboardingImageCollectionCell.swift */ = {isa = PBXFileReference; lastKnownFileType = sourcecode.swift; path = OnboardingImageCollectionCell.swift; sourceTree = "<group>"; };
		882687CC2D25024B2EF13FEB /* Pods-AiOESports-AiOESportsUITests.debug.xcconfig */ = {isa = PBXFileReference; includeInIndex = 1; lastKnownFileType = text.xcconfig; name = "Pods-AiOESports-AiOESportsUITests.debug.xcconfig"; path = "Target Support Files/Pods-AiOESports-AiOESportsUITests/Pods-AiOESports-AiOESportsUITests.debug.xcconfig"; sourceTree = "<group>"; };
		9D4EA9FEFFBFD2F5BBA8B561 /* Pods-AiOESportsTests.release.xcconfig */ = {isa = PBXFileReference; includeInIndex = 1; lastKnownFileType = text.xcconfig; name = "Pods-AiOESportsTests.release.xcconfig"; path = "Target Support Files/Pods-AiOESportsTests/Pods-AiOESportsTests.release.xcconfig"; sourceTree = "<group>"; };
		C2016FB8D88933997BA25624 /* Pods_AiOESportsTests.framework */ = {isa = PBXFileReference; explicitFileType = wrapper.framework; includeInIndex = 0; path = Pods_AiOESportsTests.framework; sourceTree = BUILT_PRODUCTS_DIR; };
		C34498E5D3AEACAB60725DED /* Pods-AiOESports-AiOESportsUITests.release.xcconfig */ = {isa = PBXFileReference; includeInIndex = 1; lastKnownFileType = text.xcconfig; name = "Pods-AiOESports-AiOESportsUITests.release.xcconfig"; path = "Target Support Files/Pods-AiOESports-AiOESportsUITests/Pods-AiOESports-AiOESportsUITests.release.xcconfig"; sourceTree = "<group>"; };
		D965947AF4975E5DF3819BD6 /* Pods-AiOESports.debug.xcconfig */ = {isa = PBXFileReference; includeInIndex = 1; lastKnownFileType = text.xcconfig; name = "Pods-AiOESports.debug.xcconfig"; path = "Target Support Files/Pods-AiOESports/Pods-AiOESports.debug.xcconfig"; sourceTree = "<group>"; };
		F58C181347CBB2A5F2B650F3 /* Pods_AiOESports.framework */ = {isa = PBXFileReference; explicitFileType = wrapper.framework; includeInIndex = 0; path = Pods_AiOESports.framework; sourceTree = BUILT_PRODUCTS_DIR; };
/* End PBXFileReference section */

/* Begin PBXFrameworksBuildPhase section */
		84F6C5A729CA12E800D21EE2 /* Frameworks */ = {
			isa = PBXFrameworksBuildPhase;
			buildActionMask = 2147483647;
			files = (
				80D2B9ACA75695065B6A3A76 /* Pods_AiOESports.framework in Frameworks */,
			);
			runOnlyForDeploymentPostprocessing = 0;
		};
		84F6C5BD29CA12E900D21EE2 /* Frameworks */ = {
			isa = PBXFrameworksBuildPhase;
			buildActionMask = 2147483647;
			files = (
				6E5CBA7023461F336228CAA1 /* Pods_AiOESportsTests.framework in Frameworks */,
			);
			runOnlyForDeploymentPostprocessing = 0;
		};
		84F6C5C729CA12E900D21EE2 /* Frameworks */ = {
			isa = PBXFrameworksBuildPhase;
			buildActionMask = 2147483647;
			files = (
				58204C26DBF6D55964E5CE6E /* Pods_AiOESports_AiOESportsUITests.framework in Frameworks */,
			);
			runOnlyForDeploymentPostprocessing = 0;
		};
/* End PBXFrameworksBuildPhase section */

/* Begin PBXGroup section */
		35DA280BECAD2A396D39BFCC /* Pods */ = {
			isa = PBXGroup;
			children = (
				D965947AF4975E5DF3819BD6 /* Pods-AiOESports.debug.xcconfig */,
				8188D3AE419488E24BC82362 /* Pods-AiOESports.release.xcconfig */,
				882687CC2D25024B2EF13FEB /* Pods-AiOESports-AiOESportsUITests.debug.xcconfig */,
				C34498E5D3AEACAB60725DED /* Pods-AiOESports-AiOESportsUITests.release.xcconfig */,
				585AFC3DD7B072B78AEA5F10 /* Pods-AiOESportsTests.debug.xcconfig */,
				9D4EA9FEFFBFD2F5BBA8B561 /* Pods-AiOESportsTests.release.xcconfig */,
			);
			path = Pods;
			sourceTree = "<group>";
		};
		842AE8C429DB16360036FF05 /* cell */ = {
			isa = PBXGroup;
			children = (
				842AE8C529DB164D0036FF05 /* ImageCollectionViewCell.swift */,
			);
			path = cell;
			sourceTree = "<group>";
		};
		842AE8C729DB3FA30036FF05 /* cell */ = {
			isa = PBXGroup;
			children = (
				842AE8C829DB3FDD0036FF05 /* CategoryCollectionViewCell.swift */,
				842AE8CA29DB45320036FF05 /* GameCategoryCollectionViewCell.swift */,
				842AE8CC29DB4B580036FF05 /* RankingCollectionViewCell.swift */,
				84F5FAF329DE85D000734CAE /* LoadingTableViewCell.swift */,
			);
			path = cell;
			sourceTree = "<group>";
		};
		842DF92429D88A5900B24F1A /* Fonts */ = {
			isa = PBXGroup;
			children = (
				842DF92529D88A6200B24F1A /* Fonts.swift */,
			);
			path = Fonts;
			sourceTree = "<group>";
		};
		8459D57929DDBB4500DDF266 /* ApiService */ = {
			isa = PBXGroup;
			children = (
				8459D57A29DDBD4C00DDF266 /* NetworkError.swift */,
				8459D57C29DDBDD900DDF266 /* ApiRouter.swift */,
				8459D57E29DDC0CF00DDF266 /* NetworkService.swift */,
				84D9C46B29E27E08006B06DD /* NetworkBaseURLs.swift */,
			);
			path = ApiService;
			sourceTree = "<group>";
		};
		8459D58029DDC98100DDF266 /* Models */ = {
			isa = PBXGroup;
			children = (
				8459D58129DDC99500DDF266 /* TeamObject.swift */,
				8459D58329DDC9BB00DDF266 /* BaseNetworkResponse.swift */,
				84F5FAF129DE81D800734CAE /* Pagination.swift */,
				84F5FB0229DEB82C00734CAE /* TeamSearchResultModel.swift */,
				84F5FB0429DEBCD200734CAE /* PlayerSearchResultModel.swift */,
				84725AD629E1D4EA003658CD /* PlayerObject.swift */,
				84725AD829E1D8D9003658CD /* RankPresentable.swift */,
				84D9C46929E277C8006B06DD /* CreatorObject.swift */,
				84D9C46D29E2822E006B06DD /* CasterObject.swift */,
				84D9C46F29E2C56F006B06DD /* TeamDetails.swift */,
				84B7455329E45F5E0086C708 /* SquadModel.swift */,
				84B7455529E45FB90086C708 /* CoachModel.swift */,
				84B7455729E460080086C708 /* RosterModel.swift */,
				84B7455929E460EF0086C708 /* FormerPlayerModel.swift */,
				84B7455B29E4629C0086C708 /* SponsorModel.swift */,
				84B7455D29E4643A0086C708 /* AchivementModel.swift */,
				84B7455F29E467940086C708 /* TeamDetailsModel.swift */,
				84B7456129E46AA50086C708 /* SocialModel.swift */,
			);
			path = Models;
			sourceTree = "<group>";
		};
		8459D58529DDF65200DDF266 /* Enums */ = {
			isa = PBXGroup;
			children = (
				8459D58629DDF66B00DDF266 /* Enums.swift */,
			);
			path = Enums;
			sourceTree = "<group>";
		};
		84725AAB29E07D9B003658CD /* Presenter */ = {
			isa = PBXGroup;
			children = (
				84725AAC29E07DB8003658CD /* FilterSettingPresenting.swift */,
				84725AAE29E07E69003658CD /* FilterSettingPresenter.swift */,
			);
			path = Presenter;
			sourceTree = "<group>";
		};
		84725AB429E120F4003658CD /* Details */ = {
			isa = PBXGroup;
			children = (
				84D9C47129E2CA6A006B06DD /* Presenter */,
				84725AB529E120FB003658CD /* View */,
				84725ABA29E12767003658CD /* DetailsModule.swift */,
			);
			path = Details;
			sourceTree = "<group>";
		};
		84725AB529E120FB003658CD /* View */ = {
			isa = PBXGroup;
			children = (
				84725AB629E1211E003658CD /* Details.storyboard */,
				84725AB829E1274B003658CD /* Details.swift */,
				84D9C47629E2CE27006B06DD /* DetailsViewDelegate.swift */,
			);
			path = View;
			sourceTree = "<group>";
		};
		84725ABC29E12AF1003658CD /* Squad */ = {
			isa = PBXGroup;
			children = (
				84B7456329E46EB10086C708 /* ViewModel */,
				84725ABD29E12AFC003658CD /* View */,
				84725AC229E12BF8003658CD /* SquadModule.swift */,
			);
			path = Squad;
			sourceTree = "<group>";
		};
		84725ABD29E12AFC003658CD /* View */ = {
			isa = PBXGroup;
			children = (
				84725AC429E12C64003658CD /* cell */,
				84725ABE29E12B18003658CD /* Squad.storyboard */,
				84725AC029E12BE1003658CD /* Squad.swift */,
				84B7456629E46F0C0086C708 /* SquadViewDelegate.swift */,
			);
			path = View;
			sourceTree = "<group>";
		};
		84725AC429E12C64003658CD /* cell */ = {
			isa = PBXGroup;
			children = (
				84725AC529E12C95003658CD /* SquadTableViewCell.swift */,
				84725AC629E12C95003658CD /* SquadTableViewCell.xib */,
			);
			path = cell;
			sourceTree = "<group>";
		};
		84725AC929E16AC2003658CD /* Achivement */ = {
			isa = PBXGroup;
			children = (
				84B7456829E484EF0086C708 /* Presenter */,
				84725ACA29E16AC9003658CD /* View */,
				84725ACF29E16B2E003658CD /* AchivementModule.swift */,
			);
			path = Achivement;
			sourceTree = "<group>";
		};
		84725ACA29E16AC9003658CD /* View */ = {
			isa = PBXGroup;
			children = (
				84725AD129E16B8B003658CD /* cell */,
				84725ACB29E16AE4003658CD /* Achivement.storyboard */,
				84725ACD29E16B0F003658CD /* Achivement.swift */,
				84B7456B29E4851D0086C708 /* AchivementViewDelegate.swift */,
			);
			path = View;
			sourceTree = "<group>";
		};
		84725AD129E16B8B003658CD /* cell */ = {
			isa = PBXGroup;
			children = (
				84725AD229E16BA5003658CD /* AchivementTableViewCell.swift */,
				84725AD329E16BA5003658CD /* AchivementTableViewCell.xib */,
			);
			path = cell;
			sourceTree = "<group>";
		};
		849B9C1F29CEEABE00F1C2D2 /* Shared */ = {
			isa = PBXGroup;
			children = (
				84F5FB1429DECCEA00734CAE /* Base */,
				8459D58529DDF65200DDF266 /* Enums */,
				8459D58029DDC98100DDF266 /* Models */,
				8459D57929DDBB4500DDF266 /* ApiService */,
				842DF92429D88A5900B24F1A /* Fonts */,
				849B9C3129D1850600F1C2D2 /* Views */,
				849B9C2729CEEDC200F1C2D2 /* Images */,
				849B9C2229CEEAF400F1C2D2 /* Colors */,
			);
			path = Shared;
			sourceTree = "<group>";
		};
		849B9C2229CEEAF400F1C2D2 /* Colors */ = {
			isa = PBXGroup;
			children = (
				849B9C2329CEEB1400F1C2D2 /* Colors.xcassets */,
				849B9C2529CEEB3400F1C2D2 /* Colors.swift */,
			);
			path = Colors;
			sourceTree = "<group>";
		};
		849B9C2729CEEDC200F1C2D2 /* Images */ = {
			isa = PBXGroup;
			children = (
				849B9C2829CEEDCB00F1C2D2 /* Images.xcassets */,
				849B9C2A29CEEDF700F1C2D2 /* Images.swift */,
			);
			path = Images;
			sourceTree = "<group>";
		};
		849B9C2C29CEEF0300F1C2D2 /* ViewModel */ = {
			isa = PBXGroup;
			children = (
				849B9C2D29CEEF2100F1C2D2 /* OnboardingViewModel.swift */,
			);
			path = ViewModel;
			sourceTree = "<group>";
		};
		849B9C3129D1850600F1C2D2 /* Views */ = {
			isa = PBXGroup;
			children = (
				84CF09E129D990E100F87400 /* PhoneNumberView */,
				849B9C4229D1955200F1C2D2 /* PinTextField */,
				849B9C3229D1857B00F1C2D2 /* PinView */,
				849B9C3429D185D100F1C2D2 /* NibLoadable.swift */,
			);
			path = Views;
			sourceTree = "<group>";
		};
		849B9C3229D1857B00F1C2D2 /* PinView */ = {
			isa = PBXGroup;
			children = (
				849B9C3629D1869000F1C2D2 /* PinView.xib */,
				849B9C3829D187B200F1C2D2 /* PinView.swift */,
				849B9C4529D1E6EB00F1C2D2 /* PinViewDelegate.swift */,
			);
			path = PinView;
			sourceTree = "<group>";
		};
		849B9C3A29D18A9D00F1C2D2 /* Login */ = {
			isa = PBXGroup;
			children = (
				849B9C3B29D18AA100F1C2D2 /* View */,
				849B9C3E29D18AB700F1C2D2 /* LoginModule.swift */,
			);
			path = Login;
			sourceTree = "<group>";
		};
		849B9C3B29D18AA100F1C2D2 /* View */ = {
			isa = PBXGroup;
			children = (
				849B9C3C29D18AAB00F1C2D2 /* Login.storyboard */,
				849B9C4029D18B1D00F1C2D2 /* Login.swift */,
			);
			path = View;
			sourceTree = "<group>";
		};
		849B9C4229D1955200F1C2D2 /* PinTextField */ = {
			isa = PBXGroup;
			children = (
				849B9C4329D1956B00F1C2D2 /* PinTextField.swift */,
			);
			path = PinTextField;
			sourceTree = "<group>";
		};
		84B7456329E46EB10086C708 /* ViewModel */ = {
			isa = PBXGroup;
			children = (
				84B7456429E46EC00086C708 /* SquadViewModel.swift */,
			);
			path = ViewModel;
			sourceTree = "<group>";
		};
		84B7456829E484EF0086C708 /* Presenter */ = {
			isa = PBXGroup;
			children = (
				84B7456929E484FC0086C708 /* AchivementPresenting.swift */,
				84B7456D29E4857E0086C708 /* AchivementPresenter.swift */,
			);
			path = Presenter;
			sourceTree = "<group>";
		};
		84B7456F29E487960086C708 /* FormerPlayers */ = {
			isa = PBXGroup;
			children = (
				84B7457C29E490A90086C708 /* Presenter */,
				84B7457029E487A10086C708 /* View */,
				84B7457529E487CF0086C708 /* FormerPlayersModule.swift */,
			);
			path = FormerPlayers;
			sourceTree = "<group>";
		};
		84B7457029E487A10086C708 /* View */ = {
			isa = PBXGroup;
			children = (
				84B7457729E488EE0086C708 /* cell */,
				84B7457129E487AC0086C708 /* FormerPlayers.storyboard */,
				84B7457329E487C30086C708 /* FormerPlayers.swift */,
				84B7457F29E490DC0086C708 /* FormerPlayersViewDelegate.swift */,
			);
			path = View;
			sourceTree = "<group>";
		};
		84B7457729E488EE0086C708 /* cell */ = {
			isa = PBXGroup;
			children = (
				84B7457829E489090086C708 /* FormerPlayerTableViewCell.swift */,
				84B7457929E489090086C708 /* FormerPlayerTableViewCell.xib */,
			);
			path = cell;
			sourceTree = "<group>";
		};
		84B7457C29E490A90086C708 /* Presenter */ = {
			isa = PBXGroup;
			children = (
				84B7457D29E490B80086C708 /* FormerPlayersPresenting.swift */,
				84B7458129E491730086C708 /* FormerPlayersPresenter.swift */,
			);
			path = Presenter;
			sourceTree = "<group>";
		};
		84CF09E129D990E100F87400 /* PhoneNumberView */ = {
			isa = PBXGroup;
			children = (
				84CF09E229D990F500F87400 /* PhoneNumberView.xib */,
				84CF09E429D9934800F87400 /* PhoneNumberView.swift */,
			);
			path = PhoneNumberView;
			sourceTree = "<group>";
		};
		84CF09E629D9E7EC00F87400 /* InApp */ = {
			isa = PBXGroup;
			children = (
				84CF09E829D9E81200F87400 /* View */,
				84CF09F129D9E8B700F87400 /* InAppModule.swift */,
			);
			path = InApp;
			sourceTree = "<group>";
		};
		84CF09E829D9E81200F87400 /* View */ = {
			isa = PBXGroup;
			children = (
				84CF09E929D9E82100F87400 /* InApp.storyboard */,
				84CF09EF29D9E8A400F87400 /* InApp.swift */,
			);
			path = View;
			sourceTree = "<group>";
		};
		84CF09EB29D9E87200F87400 /* Home */ = {
			isa = PBXGroup;
			children = (
				84CF09EC29D9E87600F87400 /* View */,
				84CF09F529D9E92800F87400 /* HomeModule.swift */,
			);
			path = Home;
			sourceTree = "<group>";
		};
		84CF09EC29D9E87600F87400 /* View */ = {
			isa = PBXGroup;
			children = (
				842AE8C429DB16360036FF05 /* cell */,
				84CF09ED29D9E87C00F87400 /* Home.storyboard */,
				84CF09F329D9E91400F87400 /* Home.swift */,
			);
			path = View;
			sourceTree = "<group>";
		};
		84CF09F729D9F79200F87400 /* Rank */ = {
			isa = PBXGroup;
			children = (
				84F602F329DC84D100250C25 /* Presenter */,
				84F602F229DC84CC00250C25 /* Router */,
				84CF09F829D9F79900F87400 /* View */,
				84CF09FD29D9F7C500F87400 /* RankModule.swift */,
			);
			path = Rank;
			sourceTree = "<group>";
		};
		84CF09F829D9F79900F87400 /* View */ = {
			isa = PBXGroup;
			children = (
				842AE8C729DB3FA30036FF05 /* cell */,
				84CF09F929D9F7A000F87400 /* Rank.storyboard */,
				84CF09FB29D9F7AF00F87400 /* Rank.swift */,
				84F602FC29DC861B00250C25 /* RankViewDelegate.swift */,
			);
			path = View;
			sourceTree = "<group>";
		};
		84CF09FF29D9FA1400F87400 /* Match */ = {
			isa = PBXGroup;
			children = (
				84CF0A0029D9FA1900F87400 /* View */,
				84CF0A0529D9FA5D00F87400 /* MatchModule.swift */,
			);
			path = Match;
			sourceTree = "<group>";
		};
		84CF0A0029D9FA1900F87400 /* View */ = {
			isa = PBXGroup;
			children = (
				84CF0A0129D9FA2200F87400 /* Match.storyboard */,
				84CF0A0329D9FA4800F87400 /* Match.swift */,
			);
			path = View;
			sourceTree = "<group>";
		};
		84CF0A0729D9FA9F00F87400 /* Tour */ = {
			isa = PBXGroup;
			children = (
				84CF0A0829D9FAA700F87400 /* View */,
				84CF0A0D29D9FACB00F87400 /* TourModule.swift */,
			);
			path = Tour;
			sourceTree = "<group>";
		};
		84CF0A0829D9FAA700F87400 /* View */ = {
			isa = PBXGroup;
			children = (
				84CF0A0929D9FAAE00F87400 /* Tour.storyboard */,
				84CF0A0B29D9FAB900F87400 /* Tour.swift */,
			);
			path = View;
			sourceTree = "<group>";
		};
		84CF0A0F29D9FB1200F87400 /* Shop */ = {
			isa = PBXGroup;
			children = (
				84CF0A1029D9FB1700F87400 /* View */,
				84CF0A1529D9FB3900F87400 /* ShopModule.swift */,
			);
			path = Shop;
			sourceTree = "<group>";
		};
		84CF0A1029D9FB1700F87400 /* View */ = {
			isa = PBXGroup;
			children = (
				84CF0A1129D9FB1D00F87400 /* Shop.storyboard */,
				84CF0A1329D9FB2800F87400 /* Shop.swift */,
			);
			path = View;
			sourceTree = "<group>";
		};
		84D9C47129E2CA6A006B06DD /* Presenter */ = {
			isa = PBXGroup;
			children = (
				84D9C47229E2CA80006B06DD /* DetailsPresenting.swift */,
				84D9C47429E2CAAE006B06DD /* DetailsPresenter.swift */,
			);
			path = Presenter;
			sourceTree = "<group>";
		};
		84F5FAF529DEAE2600734CAE /* Search */ = {
			isa = PBXGroup;
			children = (
				84F5FB0929DEC47400734CAE /* Router */,
				84F5FB0729DEC46B00734CAE /* Interactor */,
				84F5FB0629DEC45F00734CAE /* Presenter */,
				84F5FAF629DEAE2B00734CAE /* View */,
				84F5FAFB29DEB13A00734CAE /* SearchModule.swift */,
			);
			path = Search;
			sourceTree = "<group>";
		};
		84F5FAF629DEAE2B00734CAE /* View */ = {
			isa = PBXGroup;
			children = (
				84F5FAFD29DEB44F00734CAE /* cell */,
				84F5FAF729DEAE3300734CAE /* Search.storyboard */,
				84F5FAF929DEAFCB00734CAE /* Search.swift */,
				84F5FB0C29DEC49D00734CAE /* SearchViewDelegate.swift */,
			);
			path = View;
			sourceTree = "<group>";
		};
		84F5FAFD29DEB44F00734CAE /* cell */ = {
			isa = PBXGroup;
			children = (
				84F5FAFE29DEB46500734CAE /* SearchTableViewCell.swift */,
				84F5FAFF29DEB46500734CAE /* SearchTableViewCell.xib */,
			);
			path = cell;
			sourceTree = "<group>";
		};
		84F5FB0629DEC45F00734CAE /* Presenter */ = {
			isa = PBXGroup;
			children = (
				84F5FB0A29DEC48200734CAE /* SearchPresenting.swift */,
				84F5FB1229DEC66700734CAE /* SearchPresenter.swift */,
			);
			path = Presenter;
			sourceTree = "<group>";
		};
		84F5FB0729DEC46B00734CAE /* Interactor */ = {
			isa = PBXGroup;
			children = (
				84F5FB0E29DEC56F00734CAE /* SearchInteracting.swift */,
				84F5FB1029DEC5DC00734CAE /* SearchInteractor.swift */,
			);
			path = Interactor;
			sourceTree = "<group>";
		};
		84F5FB0929DEC47400734CAE /* Router */ = {
			isa = PBXGroup;
			children = (
			);
			path = Router;
			sourceTree = "<group>";
		};
		84F5FB1429DECCEA00734CAE /* Base */ = {
			isa = PBXGroup;
			children = (
				84F5FB1529DECD0000734CAE /* LoadingPresentable.swift */,
			);
			path = Base;
			sourceTree = "<group>";
		};
		84F602E429DC7E9700250C25 /* FilterSetting */ = {
			isa = PBXGroup;
			children = (
				84725AAB29E07D9B003658CD /* Presenter */,
				84F602E529DC7EAF00250C25 /* View */,
				84F602EA29DC7EE600250C25 /* FilterSettingModule.swift */,
			);
			path = FilterSetting;
			sourceTree = "<group>";
		};
		84F602E529DC7EAF00250C25 /* View */ = {
			isa = PBXGroup;
			children = (
				84F602EC29DC807D00250C25 /* cell */,
				84F602E629DC7EB800250C25 /* FilterSetting.storyboard */,
				84F602E829DC7ECF00250C25 /* FilterSetting.swift */,
				84725AB029E07EAF003658CD /* FilterSettingViewDelegate.swift */,
				84725AB229E088B5003658CD /* FilterSettingDelegate.swift */,
			);
			path = View;
			sourceTree = "<group>";
		};
		84F602EC29DC807D00250C25 /* cell */ = {
			isa = PBXGroup;
			children = (
				84F602EE29DC809A00250C25 /* FilterSettingTableViewCell.swift */,
				84F602EF29DC809A00250C25 /* FilterSettingTableViewCell.xib */,
			);
			path = cell;
			sourceTree = "<group>";
		};
		84F602F229DC84CC00250C25 /* Router */ = {
			isa = PBXGroup;
			children = (
				84F602F829DC852F00250C25 /* RankRouting.swift */,
				84F602FA29DC85A400250C25 /* RankRouter.swift */,
			);
			path = Router;
			sourceTree = "<group>";
		};
		84F602F329DC84D100250C25 /* Presenter */ = {
			isa = PBXGroup;
			children = (
				84F602F429DC84E000250C25 /* RankPresenting.swift */,
				84F602F629DC851400250C25 /* RankPresenter.swift */,
			);
			path = Presenter;
			sourceTree = "<group>";
		};
		84F6C5A129CA12E800D21EE2 = {
			isa = PBXGroup;
			children = (
				84F6C5AC29CA12E800D21EE2 /* AiOESports */,
				84F6C5C329CA12E900D21EE2 /* AiOESportsTests */,
				84F6C5CD29CA12E900D21EE2 /* AiOESportsUITests */,
				84F6C5AB29CA12E800D21EE2 /* Products */,
				35DA280BECAD2A396D39BFCC /* Pods */,
				E7D31D3FDF2B0AC70D518417 /* Frameworks */,
			);
			sourceTree = "<group>";
		};
		84F6C5AB29CA12E800D21EE2 /* Products */ = {
			isa = PBXGroup;
			children = (
				84F6C5AA29CA12E800D21EE2 /* AiOESports.app */,
				84F6C5C029CA12E900D21EE2 /* AiOESportsTests.xctest */,
				84F6C5CA29CA12E900D21EE2 /* AiOESportsUITests.xctest */,
			);
			name = Products;
			sourceTree = "<group>";
		};
		84F6C5AC29CA12E800D21EE2 /* AiOESports */ = {
			isa = PBXGroup;
			children = (
				849B9C1F29CEEABE00F1C2D2 /* Shared */,
				84F6C5DE29CA147600D21EE2 /* Modules */,
				84F6C5AD29CA12E800D21EE2 /* AppDelegate.swift */,
				84F6C5AF29CA12E800D21EE2 /* SceneDelegate.swift */,
				84F6C5B129CA12E800D21EE2 /* ViewController.swift */,
				84F6C5B329CA12E800D21EE2 /* Main.storyboard */,
				84F6C5B629CA12E900D21EE2 /* Assets.xcassets */,
				84F6C5B829CA12E900D21EE2 /* LaunchScreen.storyboard */,
				84F6C5BB29CA12E900D21EE2 /* Info.plist */,
			);
			path = AiOESports;
			sourceTree = "<group>";
		};
		84F6C5C329CA12E900D21EE2 /* AiOESportsTests */ = {
			isa = PBXGroup;
			children = (
				84F6C5C429CA12E900D21EE2 /* AiOESportsTests.swift */,
			);
			path = AiOESportsTests;
			sourceTree = "<group>";
		};
		84F6C5CD29CA12E900D21EE2 /* AiOESportsUITests */ = {
			isa = PBXGroup;
			children = (
				84F6C5CE29CA12E900D21EE2 /* AiOESportsUITests.swift */,
				84F6C5D029CA12E900D21EE2 /* AiOESportsUITestsLaunchTests.swift */,
			);
			path = AiOESportsUITests;
			sourceTree = "<group>";
		};
		84F6C5DD29CA146E00D21EE2 /* Onboarding */ = {
			isa = PBXGroup;
			children = (
				849B9C2C29CEEF0300F1C2D2 /* ViewModel */,
				84F6C5E029CA150700D21EE2 /* View */,
				84F6C5E629CA183500D21EE2 /* OnboardingModule.swift */,
			);
			path = Onboarding;
			sourceTree = "<group>";
		};
		84F6C5DE29CA147600D21EE2 /* Modules */ = {
			isa = PBXGroup;
			children = (
				84B7456F29E487960086C708 /* FormerPlayers */,
				84725AC929E16AC2003658CD /* Achivement */,
				84725ABC29E12AF1003658CD /* Squad */,
				84725AB429E120F4003658CD /* Details */,
				84F5FAF529DEAE2600734CAE /* Search */,
				84F602E429DC7E9700250C25 /* FilterSetting */,
				84CF0A0F29D9FB1200F87400 /* Shop */,
				84CF0A0729D9FA9F00F87400 /* Tour */,
				84CF09FF29D9FA1400F87400 /* Match */,
				84CF09F729D9F79200F87400 /* Rank */,
				84CF09EB29D9E87200F87400 /* Home */,
				84CF09E629D9E7EC00F87400 /* InApp */,
				849B9C3A29D18A9D00F1C2D2 /* Login */,
				84F6C5DD29CA146E00D21EE2 /* Onboarding */,
			);
			path = Modules;
			sourceTree = "<group>";
		};
		84F6C5E029CA150700D21EE2 /* View */ = {
			isa = PBXGroup;
			children = (
				84F6C5E829CA18CD00D21EE2 /* cell */,
				84F6C5E129CA151100D21EE2 /* Onboarding.storyboard */,
				84F6C5E329CA17B300D21EE2 /* Onboarding.swift */,
				849B9C2F29CEEF9800F1C2D2 /* OnboardingViewProtocol.swift */,
			);
			path = View;
			sourceTree = "<group>";
		};
		84F6C5E829CA18CD00D21EE2 /* cell */ = {
			isa = PBXGroup;
			children = (
				84F6C5E929CA18F400D21EE2 /* OnboardingImageCollectionCell.swift */,
			);
			path = cell;
			sourceTree = "<group>";
		};
		E7D31D3FDF2B0AC70D518417 /* Frameworks */ = {
			isa = PBXGroup;
			children = (
				F58C181347CBB2A5F2B650F3 /* Pods_AiOESports.framework */,
				52DA465FE799102727AED817 /* Pods_AiOESports_AiOESportsUITests.framework */,
				C2016FB8D88933997BA25624 /* Pods_AiOESportsTests.framework */,
			);
			name = Frameworks;
			sourceTree = "<group>";
		};
/* End PBXGroup section */

/* Begin PBXNativeTarget section */
		84F6C5A929CA12E800D21EE2 /* AiOESports */ = {
			isa = PBXNativeTarget;
			buildConfigurationList = 84F6C5D429CA12E900D21EE2 /* Build configuration list for PBXNativeTarget "AiOESports" */;
			buildPhases = (
				15220E06B472DD8B0025EFF5 /* [CP] Check Pods Manifest.lock */,
				84F6C5A629CA12E800D21EE2 /* Sources */,
				84F6C5A729CA12E800D21EE2 /* Frameworks */,
				84F6C5A829CA12E800D21EE2 /* Resources */,
				CAF819FFDF3E6AF0EE0F0C4F /* [CP] Embed Pods Frameworks */,
			);
			buildRules = (
			);
			dependencies = (
			);
			name = AiOESports;
			productName = AiOESports;
			productReference = 84F6C5AA29CA12E800D21EE2 /* AiOESports.app */;
			productType = "com.apple.product-type.application";
		};
		84F6C5BF29CA12E900D21EE2 /* AiOESportsTests */ = {
			isa = PBXNativeTarget;
			buildConfigurationList = 84F6C5D729CA12E900D21EE2 /* Build configuration list for PBXNativeTarget "AiOESportsTests" */;
			buildPhases = (
				FA85916E447A60E50E2904A9 /* [CP] Check Pods Manifest.lock */,
				84F6C5BC29CA12E900D21EE2 /* Sources */,
				84F6C5BD29CA12E900D21EE2 /* Frameworks */,
				84F6C5BE29CA12E900D21EE2 /* Resources */,
			);
			buildRules = (
			);
			dependencies = (
				84F6C5C229CA12E900D21EE2 /* PBXTargetDependency */,
			);
			name = AiOESportsTests;
			productName = AiOESportsTests;
			productReference = 84F6C5C029CA12E900D21EE2 /* AiOESportsTests.xctest */;
			productType = "com.apple.product-type.bundle.unit-test";
		};
		84F6C5C929CA12E900D21EE2 /* AiOESportsUITests */ = {
			isa = PBXNativeTarget;
			buildConfigurationList = 84F6C5DA29CA12E900D21EE2 /* Build configuration list for PBXNativeTarget "AiOESportsUITests" */;
			buildPhases = (
				50FDEBAE6C88DC1B4512F938 /* [CP] Check Pods Manifest.lock */,
				84F6C5C629CA12E900D21EE2 /* Sources */,
				84F6C5C729CA12E900D21EE2 /* Frameworks */,
				84F6C5C829CA12E900D21EE2 /* Resources */,
				5414C35BA563EA5A1C33E829 /* [CP] Embed Pods Frameworks */,
			);
			buildRules = (
			);
			dependencies = (
				84F6C5CC29CA12E900D21EE2 /* PBXTargetDependency */,
			);
			name = AiOESportsUITests;
			productName = AiOESportsUITests;
			productReference = 84F6C5CA29CA12E900D21EE2 /* AiOESportsUITests.xctest */;
			productType = "com.apple.product-type.bundle.ui-testing";
		};
/* End PBXNativeTarget section */

/* Begin PBXProject section */
		84F6C5A229CA12E800D21EE2 /* Project object */ = {
			isa = PBXProject;
			attributes = {
				BuildIndependentTargetsInParallel = 1;
				LastSwiftUpdateCheck = 1420;
				LastUpgradeCheck = 1420;
				TargetAttributes = {
					84F6C5A929CA12E800D21EE2 = {
						CreatedOnToolsVersion = 14.2;
					};
					84F6C5BF29CA12E900D21EE2 = {
						CreatedOnToolsVersion = 14.2;
						TestTargetID = 84F6C5A929CA12E800D21EE2;
					};
					84F6C5C929CA12E900D21EE2 = {
						CreatedOnToolsVersion = 14.2;
						TestTargetID = 84F6C5A929CA12E800D21EE2;
					};
				};
			};
			buildConfigurationList = 84F6C5A529CA12E800D21EE2 /* Build configuration list for PBXProject "AiOESports" */;
			compatibilityVersion = "Xcode 14.0";
			developmentRegion = en;
			hasScannedForEncodings = 0;
			knownRegions = (
				en,
				Base,
			);
			mainGroup = 84F6C5A129CA12E800D21EE2;
			productRefGroup = 84F6C5AB29CA12E800D21EE2 /* Products */;
			projectDirPath = "";
			projectRoot = "";
			targets = (
				84F6C5A929CA12E800D21EE2 /* AiOESports */,
				84F6C5BF29CA12E900D21EE2 /* AiOESportsTests */,
				84F6C5C929CA12E900D21EE2 /* AiOESportsUITests */,
			);
		};
/* End PBXProject section */

/* Begin PBXResourcesBuildPhase section */
		84F6C5A829CA12E800D21EE2 /* Resources */ = {
			isa = PBXResourcesBuildPhase;
			buildActionMask = 2147483647;
			files = (
				849B9C3D29D18AAB00F1C2D2 /* Login.storyboard in Resources */,
				84CF09EE29D9E87C00F87400 /* Home.storyboard in Resources */,
				84CF09EA29D9E82100F87400 /* InApp.storyboard in Resources */,
				84F602E729DC7EB800250C25 /* FilterSetting.storyboard in Resources */,
				84725ACC29E16AE4003658CD /* Achivement.storyboard in Resources */,
				84F5FAF829DEAE3300734CAE /* Search.storyboard in Resources */,
				84B7457229E487AC0086C708 /* FormerPlayers.storyboard in Resources */,
				84B7457B29E489090086C708 /* FormerPlayerTableViewCell.xib in Resources */,
				849B9C2429CEEB1400F1C2D2 /* Colors.xcassets in Resources */,
				84F6C5BA29CA12E900D21EE2 /* LaunchScreen.storyboard in Resources */,
				84F6C5B729CA12E900D21EE2 /* Assets.xcassets in Resources */,
				84F5FB0129DEB46500734CAE /* SearchTableViewCell.xib in Resources */,
				84CF0A1229D9FB1D00F87400 /* Shop.storyboard in Resources */,
				84CF0A0A29D9FAAE00F87400 /* Tour.storyboard in Resources */,
				84CF0A0229D9FA2200F87400 /* Match.storyboard in Resources */,
				84CF09FA29D9F7A000F87400 /* Rank.storyboard in Resources */,
				849B9C3729D1869000F1C2D2 /* PinView.xib in Resources */,
				849B9C2929CEEDCB00F1C2D2 /* Images.xcassets in Resources */,
				84725ABF29E12B18003658CD /* Squad.storyboard in Resources */,
				84725AB729E1211F003658CD /* Details.storyboard in Resources */,
				84CF09E329D990F500F87400 /* PhoneNumberView.xib in Resources */,
				84725AD529E16BA5003658CD /* AchivementTableViewCell.xib in Resources */,
				84725AC829E12C95003658CD /* SquadTableViewCell.xib in Resources */,
				84F602F129DC809A00250C25 /* FilterSettingTableViewCell.xib in Resources */,
				84F6C5B529CA12E800D21EE2 /* Main.storyboard in Resources */,
				84F6C5E229CA151100D21EE2 /* Onboarding.storyboard in Resources */,
			);
			runOnlyForDeploymentPostprocessing = 0;
		};
		84F6C5BE29CA12E900D21EE2 /* Resources */ = {
			isa = PBXResourcesBuildPhase;
			buildActionMask = 2147483647;
			files = (
			);
			runOnlyForDeploymentPostprocessing = 0;
		};
		84F6C5C829CA12E900D21EE2 /* Resources */ = {
			isa = PBXResourcesBuildPhase;
			buildActionMask = 2147483647;
			files = (
			);
			runOnlyForDeploymentPostprocessing = 0;
		};
/* End PBXResourcesBuildPhase section */

/* Begin PBXShellScriptBuildPhase section */
		15220E06B472DD8B0025EFF5 /* [CP] Check Pods Manifest.lock */ = {
			isa = PBXShellScriptBuildPhase;
			buildActionMask = 2147483647;
			files = (
			);
			inputFileListPaths = (
			);
			inputPaths = (
				"${PODS_PODFILE_DIR_PATH}/Podfile.lock",
				"${PODS_ROOT}/Manifest.lock",
			);
			name = "[CP] Check Pods Manifest.lock";
			outputFileListPaths = (
			);
			outputPaths = (
				"$(DERIVED_FILE_DIR)/Pods-AiOESports-checkManifestLockResult.txt",
			);
			runOnlyForDeploymentPostprocessing = 0;
			shellPath = /bin/sh;
			shellScript = "diff \"${PODS_PODFILE_DIR_PATH}/Podfile.lock\" \"${PODS_ROOT}/Manifest.lock\" > /dev/null\nif [ $? != 0 ] ; then\n    # print error to STDERR\n    echo \"error: The sandbox is not in sync with the Podfile.lock. Run 'pod install' or update your CocoaPods installation.\" >&2\n    exit 1\nfi\n# This output is used by Xcode 'outputs' to avoid re-running this script phase.\necho \"SUCCESS\" > \"${SCRIPT_OUTPUT_FILE_0}\"\n";
			showEnvVarsInLog = 0;
		};
		50FDEBAE6C88DC1B4512F938 /* [CP] Check Pods Manifest.lock */ = {
			isa = PBXShellScriptBuildPhase;
			buildActionMask = 2147483647;
			files = (
			);
			inputFileListPaths = (
			);
			inputPaths = (
				"${PODS_PODFILE_DIR_PATH}/Podfile.lock",
				"${PODS_ROOT}/Manifest.lock",
			);
			name = "[CP] Check Pods Manifest.lock";
			outputFileListPaths = (
			);
			outputPaths = (
				"$(DERIVED_FILE_DIR)/Pods-AiOESports-AiOESportsUITests-checkManifestLockResult.txt",
			);
			runOnlyForDeploymentPostprocessing = 0;
			shellPath = /bin/sh;
			shellScript = "diff \"${PODS_PODFILE_DIR_PATH}/Podfile.lock\" \"${PODS_ROOT}/Manifest.lock\" > /dev/null\nif [ $? != 0 ] ; then\n    # print error to STDERR\n    echo \"error: The sandbox is not in sync with the Podfile.lock. Run 'pod install' or update your CocoaPods installation.\" >&2\n    exit 1\nfi\n# This output is used by Xcode 'outputs' to avoid re-running this script phase.\necho \"SUCCESS\" > \"${SCRIPT_OUTPUT_FILE_0}\"\n";
			showEnvVarsInLog = 0;
		};
		5414C35BA563EA5A1C33E829 /* [CP] Embed Pods Frameworks */ = {
			isa = PBXShellScriptBuildPhase;
			buildActionMask = 2147483647;
			files = (
			);
			inputFileListPaths = (
				"${PODS_ROOT}/Target Support Files/Pods-AiOESports-AiOESportsUITests/Pods-AiOESports-AiOESportsUITests-frameworks-${CONFIGURATION}-input-files.xcfilelist",
			);
			name = "[CP] Embed Pods Frameworks";
			outputFileListPaths = (
				"${PODS_ROOT}/Target Support Files/Pods-AiOESports-AiOESportsUITests/Pods-AiOESports-AiOESportsUITests-frameworks-${CONFIGURATION}-output-files.xcfilelist",
			);
			runOnlyForDeploymentPostprocessing = 0;
			shellPath = /bin/sh;
			shellScript = "\"${PODS_ROOT}/Target Support Files/Pods-AiOESports-AiOESportsUITests/Pods-AiOESports-AiOESportsUITests-frameworks.sh\"\n";
			showEnvVarsInLog = 0;
		};
		CAF819FFDF3E6AF0EE0F0C4F /* [CP] Embed Pods Frameworks */ = {
			isa = PBXShellScriptBuildPhase;
			buildActionMask = 2147483647;
			files = (
			);
			inputFileListPaths = (
				"${PODS_ROOT}/Target Support Files/Pods-AiOESports/Pods-AiOESports-frameworks-${CONFIGURATION}-input-files.xcfilelist",
			);
			name = "[CP] Embed Pods Frameworks";
			outputFileListPaths = (
				"${PODS_ROOT}/Target Support Files/Pods-AiOESports/Pods-AiOESports-frameworks-${CONFIGURATION}-output-files.xcfilelist",
			);
			runOnlyForDeploymentPostprocessing = 0;
			shellPath = /bin/sh;
			shellScript = "\"${PODS_ROOT}/Target Support Files/Pods-AiOESports/Pods-AiOESports-frameworks.sh\"\n";
			showEnvVarsInLog = 0;
		};
		FA85916E447A60E50E2904A9 /* [CP] Check Pods Manifest.lock */ = {
			isa = PBXShellScriptBuildPhase;
			buildActionMask = 2147483647;
			files = (
			);
			inputFileListPaths = (
			);
			inputPaths = (
				"${PODS_PODFILE_DIR_PATH}/Podfile.lock",
				"${PODS_ROOT}/Manifest.lock",
			);
			name = "[CP] Check Pods Manifest.lock";
			outputFileListPaths = (
			);
			outputPaths = (
				"$(DERIVED_FILE_DIR)/Pods-AiOESportsTests-checkManifestLockResult.txt",
			);
			runOnlyForDeploymentPostprocessing = 0;
			shellPath = /bin/sh;
			shellScript = "diff \"${PODS_PODFILE_DIR_PATH}/Podfile.lock\" \"${PODS_ROOT}/Manifest.lock\" > /dev/null\nif [ $? != 0 ] ; then\n    # print error to STDERR\n    echo \"error: The sandbox is not in sync with the Podfile.lock. Run 'pod install' or update your CocoaPods installation.\" >&2\n    exit 1\nfi\n# This output is used by Xcode 'outputs' to avoid re-running this script phase.\necho \"SUCCESS\" > \"${SCRIPT_OUTPUT_FILE_0}\"\n";
			showEnvVarsInLog = 0;
		};
/* End PBXShellScriptBuildPhase section */

/* Begin PBXSourcesBuildPhase section */
		84F6C5A629CA12E800D21EE2 /* Sources */ = {
			isa = PBXSourcesBuildPhase;
			buildActionMask = 2147483647;
			files = (
				84D9C46C29E27E08006B06DD /* NetworkBaseURLs.swift in Sources */,
				842AE8C929DB3FDD0036FF05 /* CategoryCollectionViewCell.swift in Sources */,
				84B7456E29E4857E0086C708 /* AchivementPresenter.swift in Sources */,
				84725ACE29E16B0F003658CD /* Achivement.swift in Sources */,
				84F5FAFC29DEB13A00734CAE /* SearchModule.swift in Sources */,
				84F5FB1329DEC66700734CAE /* SearchPresenter.swift in Sources */,
				84F602F729DC851400250C25 /* RankPresenter.swift in Sources */,
				84B7456529E46EC00086C708 /* SquadViewModel.swift in Sources */,
				84B7456029E467940086C708 /* TeamDetailsModel.swift in Sources */,
				84725ABB29E12767003658CD /* DetailsModule.swift in Sources */,
				84725AD429E16BA5003658CD /* AchivementTableViewCell.swift in Sources */,
				84B7458029E490DC0086C708 /* FormerPlayersViewDelegate.swift in Sources */,
				84CF09E529D9934800F87400 /* PhoneNumberView.swift in Sources */,
				84B7455C29E4629C0086C708 /* SponsorModel.swift in Sources */,
				84B7456A29E484FC0086C708 /* AchivementPresenting.swift in Sources */,
				84F602EB29DC7EE600250C25 /* FilterSettingModule.swift in Sources */,
				84F6C5B229CA12E800D21EE2 /* ViewController.swift in Sources */,
				84F5FB1129DEC5DC00734CAE /* SearchInteractor.swift in Sources */,
				84F602F529DC84E000250C25 /* RankPresenting.swift in Sources */,
				84B7456C29E4851D0086C708 /* AchivementViewDelegate.swift in Sources */,
				849B9C3F29D18AB700F1C2D2 /* LoginModule.swift in Sources */,
				84D9C47729E2CE27006B06DD /* DetailsViewDelegate.swift in Sources */,
				84B7455A29E460EF0086C708 /* FormerPlayerModel.swift in Sources */,
				849B9C3029CEEF9800F1C2D2 /* OnboardingViewProtocol.swift in Sources */,
				84CF09F629D9E92800F87400 /* HomeModule.swift in Sources */,
				84B7456729E46F0C0086C708 /* SquadViewDelegate.swift in Sources */,
				84B7457429E487C30086C708 /* FormerPlayers.swift in Sources */,
				84CF0A0629D9FA5D00F87400 /* MatchModule.swift in Sources */,
				84D9C47529E2CAAE006B06DD /* DetailsPresenter.swift in Sources */,
				84F5FAF429DE85D000734CAE /* LoadingTableViewCell.swift in Sources */,
				849B9C3929D187B200F1C2D2 /* PinView.swift in Sources */,
				84F5FB0329DEB82C00734CAE /* TeamSearchResultModel.swift in Sources */,
				84F5FB0B29DEC48200734CAE /* SearchPresenting.swift in Sources */,
				84CF0A1629D9FB3900F87400 /* ShopModule.swift in Sources */,
				84F5FB1629DECD0000734CAE /* LoadingPresentable.swift in Sources */,
				84B7455429E45F5E0086C708 /* SquadModel.swift in Sources */,
				84CF0A0E29D9FACB00F87400 /* TourModule.swift in Sources */,
				84725AD729E1D4EA003658CD /* PlayerObject.swift in Sources */,
				8459D58229DDC99500DDF266 /* TeamObject.swift in Sources */,
				84D9C46A29E277C8006B06DD /* CreatorObject.swift in Sources */,
				84B7457A29E489090086C708 /* FormerPlayerTableViewCell.swift in Sources */,
				84D9C47029E2C56F006B06DD /* TeamDetails.swift in Sources */,
				8459D57D29DDBDD900DDF266 /* ApiRouter.swift in Sources */,
				84F602E929DC7ECF00250C25 /* FilterSetting.swift in Sources */,
				84CF09FC29D9F7AF00F87400 /* Rank.swift in Sources */,
				84F5FAF229DE81D800734CAE /* Pagination.swift in Sources */,
				84B7455E29E4643A0086C708 /* AchivementModel.swift in Sources */,
				842AE8CB29DB45320036FF05 /* GameCategoryCollectionViewCell.swift in Sources */,
				84F6C5AE29CA12E800D21EE2 /* AppDelegate.swift in Sources */,
				84B7455829E460080086C708 /* RosterModel.swift in Sources */,
				84F5FAFA29DEAFCB00734CAE /* Search.swift in Sources */,
				84725AAF29E07E69003658CD /* FilterSettingPresenter.swift in Sources */,
				84CF09F229D9E8B700F87400 /* InAppModule.swift in Sources */,
				84725AB329E088B5003658CD /* FilterSettingDelegate.swift in Sources */,
				84F6C5E429CA17B300D21EE2 /* Onboarding.swift in Sources */,
				84D9C47329E2CA80006B06DD /* DetailsPresenting.swift in Sources */,
				8459D58429DDC9BB00DDF266 /* BaseNetworkResponse.swift in Sources */,
				84725AAD29E07DB8003658CD /* FilterSettingPresenting.swift in Sources */,
				849B9C2629CEEB3400F1C2D2 /* Colors.swift in Sources */,
				84CF09F029D9E8A400F87400 /* InApp.swift in Sources */,
				84F5FB0529DEBCD200734CAE /* PlayerSearchResultModel.swift in Sources */,
				84725AC729E12C95003658CD /* SquadTableViewCell.swift in Sources */,
				84F602FD29DC861B00250C25 /* RankViewDelegate.swift in Sources */,
				842DF92629D88A6200B24F1A /* Fonts.swift in Sources */,
				849B9C4129D18B1D00F1C2D2 /* Login.swift in Sources */,
				849B9C3529D185D100F1C2D2 /* NibLoadable.swift in Sources */,
				84CF09F429D9E91400F87400 /* Home.swift in Sources */,
				849B9C2E29CEEF2100F1C2D2 /* OnboardingViewModel.swift in Sources */,
				84F6C5E729CA183500D21EE2 /* OnboardingModule.swift in Sources */,
				84CF0A0429D9FA4800F87400 /* Match.swift in Sources */,
				842AE8C629DB164D0036FF05 /* ImageCollectionViewCell.swift in Sources */,
				842AE8CD29DB4B580036FF05 /* RankingCollectionViewCell.swift in Sources */,
				849B9C2B29CEEDF700F1C2D2 /* Images.swift in Sources */,
				84725AD029E16B2E003658CD /* AchivementModule.swift in Sources */,
				84B7456229E46AA50086C708 /* SocialModel.swift in Sources */,
				8459D57B29DDBD4C00DDF266 /* NetworkError.swift in Sources */,
				84F6C5EA29CA18F400D21EE2 /* OnboardingImageCollectionCell.swift in Sources */,
				84B7457E29E490B80086C708 /* FormerPlayersPresenting.swift in Sources */,
				84725AB929E1274B003658CD /* Details.swift in Sources */,
				84F602F929DC852F00250C25 /* RankRouting.swift in Sources */,
				84725AD929E1D8D9003658CD /* RankPresentable.swift in Sources */,
				849B9C4629D1E6EB00F1C2D2 /* PinViewDelegate.swift in Sources */,
				84D9C46E29E2822E006B06DD /* CasterObject.swift in Sources */,
				84F5FB0029DEB46500734CAE /* SearchTableViewCell.swift in Sources */,
				84725AB129E07EAF003658CD /* FilterSettingViewDelegate.swift in Sources */,
				84CF0A1429D9FB2800F87400 /* Shop.swift in Sources */,
				84F5FB0F29DEC56F00734CAE /* SearchInteracting.swift in Sources */,
				84CF09FE29D9F7C500F87400 /* RankModule.swift in Sources */,
				84F602FB29DC85A400250C25 /* RankRouter.swift in Sources */,
				8459D57F29DDC0CF00DDF266 /* NetworkService.swift in Sources */,
				84F602F029DC809A00250C25 /* FilterSettingTableViewCell.swift in Sources */,
				84B7455629E45FB90086C708 /* CoachModel.swift in Sources */,
				84CF0A0C29D9FAB900F87400 /* Tour.swift in Sources */,
				849B9C4429D1956B00F1C2D2 /* PinTextField.swift in Sources */,
				84725AC129E12BE1003658CD /* Squad.swift in Sources */,
				84F5FB0D29DEC49D00734CAE /* SearchViewDelegate.swift in Sources */,
				84B7458229E491730086C708 /* FormerPlayersPresenter.swift in Sources */,
				84725AC329E12BF8003658CD /* SquadModule.swift in Sources */,
				84B7457629E487CF0086C708 /* FormerPlayersModule.swift in Sources */,
				8459D58729DDF66B00DDF266 /* Enums.swift in Sources */,
				84F6C5B029CA12E800D21EE2 /* SceneDelegate.swift in Sources */,
			);
			runOnlyForDeploymentPostprocessing = 0;
		};
		84F6C5BC29CA12E900D21EE2 /* Sources */ = {
			isa = PBXSourcesBuildPhase;
			buildActionMask = 2147483647;
			files = (
				84F6C5C529CA12E900D21EE2 /* AiOESportsTests.swift in Sources */,
			);
			runOnlyForDeploymentPostprocessing = 0;
		};
		84F6C5C629CA12E900D21EE2 /* Sources */ = {
			isa = PBXSourcesBuildPhase;
			buildActionMask = 2147483647;
			files = (
				84F6C5CF29CA12E900D21EE2 /* AiOESportsUITests.swift in Sources */,
				84F6C5D129CA12E900D21EE2 /* AiOESportsUITestsLaunchTests.swift in Sources */,
			);
			runOnlyForDeploymentPostprocessing = 0;
		};
/* End PBXSourcesBuildPhase section */

/* Begin PBXTargetDependency section */
		84F6C5C229CA12E900D21EE2 /* PBXTargetDependency */ = {
			isa = PBXTargetDependency;
			target = 84F6C5A929CA12E800D21EE2 /* AiOESports */;
			targetProxy = 84F6C5C129CA12E900D21EE2 /* PBXContainerItemProxy */;
		};
		84F6C5CC29CA12E900D21EE2 /* PBXTargetDependency */ = {
			isa = PBXTargetDependency;
			target = 84F6C5A929CA12E800D21EE2 /* AiOESports */;
			targetProxy = 84F6C5CB29CA12E900D21EE2 /* PBXContainerItemProxy */;
		};
/* End PBXTargetDependency section */

/* Begin PBXVariantGroup section */
		84F6C5B329CA12E800D21EE2 /* Main.storyboard */ = {
			isa = PBXVariantGroup;
			children = (
				84F6C5B429CA12E800D21EE2 /* Base */,
			);
			name = Main.storyboard;
			sourceTree = "<group>";
		};
		84F6C5B829CA12E900D21EE2 /* LaunchScreen.storyboard */ = {
			isa = PBXVariantGroup;
			children = (
				84F6C5B929CA12E900D21EE2 /* Base */,
			);
			name = LaunchScreen.storyboard;
			sourceTree = "<group>";
		};
/* End PBXVariantGroup section */

/* Begin XCBuildConfiguration section */
		84F6C5D229CA12E900D21EE2 /* Debug */ = {
			isa = XCBuildConfiguration;
			buildSettings = {
				ALWAYS_SEARCH_USER_PATHS = NO;
				CLANG_ANALYZER_NONNULL = YES;
				CLANG_ANALYZER_NUMBER_OBJECT_CONVERSION = YES_AGGRESSIVE;
				CLANG_CXX_LANGUAGE_STANDARD = "gnu++20";
				CLANG_ENABLE_MODULES = YES;
				CLANG_ENABLE_OBJC_ARC = YES;
				CLANG_ENABLE_OBJC_WEAK = YES;
				CLANG_WARN_BLOCK_CAPTURE_AUTORELEASING = YES;
				CLANG_WARN_BOOL_CONVERSION = YES;
				CLANG_WARN_COMMA = YES;
				CLANG_WARN_CONSTANT_CONVERSION = YES;
				CLANG_WARN_DEPRECATED_OBJC_IMPLEMENTATIONS = YES;
				CLANG_WARN_DIRECT_OBJC_ISA_USAGE = YES_ERROR;
				CLANG_WARN_DOCUMENTATION_COMMENTS = YES;
				CLANG_WARN_EMPTY_BODY = YES;
				CLANG_WARN_ENUM_CONVERSION = YES;
				CLANG_WARN_INFINITE_RECURSION = YES;
				CLANG_WARN_INT_CONVERSION = YES;
				CLANG_WARN_NON_LITERAL_NULL_CONVERSION = YES;
				CLANG_WARN_OBJC_IMPLICIT_RETAIN_SELF = YES;
				CLANG_WARN_OBJC_LITERAL_CONVERSION = YES;
				CLANG_WARN_OBJC_ROOT_CLASS = YES_ERROR;
				CLANG_WARN_QUOTED_INCLUDE_IN_FRAMEWORK_HEADER = YES;
				CLANG_WARN_RANGE_LOOP_ANALYSIS = YES;
				CLANG_WARN_STRICT_PROTOTYPES = YES;
				CLANG_WARN_SUSPICIOUS_MOVE = YES;
				CLANG_WARN_UNGUARDED_AVAILABILITY = YES_AGGRESSIVE;
				CLANG_WARN_UNREACHABLE_CODE = YES;
				CLANG_WARN__DUPLICATE_METHOD_MATCH = YES;
				COPY_PHASE_STRIP = NO;
				DEBUG_INFORMATION_FORMAT = dwarf;
				ENABLE_STRICT_OBJC_MSGSEND = YES;
				ENABLE_TESTABILITY = YES;
				GCC_C_LANGUAGE_STANDARD = gnu11;
				GCC_DYNAMIC_NO_PIC = NO;
				GCC_NO_COMMON_BLOCKS = YES;
				GCC_OPTIMIZATION_LEVEL = 0;
				GCC_PREPROCESSOR_DEFINITIONS = (
					"DEBUG=1",
					"$(inherited)",
				);
				GCC_WARN_64_TO_32_BIT_CONVERSION = YES;
				GCC_WARN_ABOUT_RETURN_TYPE = YES_ERROR;
				GCC_WARN_UNDECLARED_SELECTOR = YES;
				GCC_WARN_UNINITIALIZED_AUTOS = YES_AGGRESSIVE;
				GCC_WARN_UNUSED_FUNCTION = YES;
				GCC_WARN_UNUSED_VARIABLE = YES;
				IPHONEOS_DEPLOYMENT_TARGET = 16.2;
				MTL_ENABLE_DEBUG_INFO = INCLUDE_SOURCE;
				MTL_FAST_MATH = YES;
				ONLY_ACTIVE_ARCH = YES;
				SDKROOT = iphoneos;
				SWIFT_ACTIVE_COMPILATION_CONDITIONS = DEBUG;
				SWIFT_OPTIMIZATION_LEVEL = "-Onone";
			};
			name = Debug;
		};
		84F6C5D329CA12E900D21EE2 /* Release */ = {
			isa = XCBuildConfiguration;
			buildSettings = {
				ALWAYS_SEARCH_USER_PATHS = NO;
				CLANG_ANALYZER_NONNULL = YES;
				CLANG_ANALYZER_NUMBER_OBJECT_CONVERSION = YES_AGGRESSIVE;
				CLANG_CXX_LANGUAGE_STANDARD = "gnu++20";
				CLANG_ENABLE_MODULES = YES;
				CLANG_ENABLE_OBJC_ARC = YES;
				CLANG_ENABLE_OBJC_WEAK = YES;
				CLANG_WARN_BLOCK_CAPTURE_AUTORELEASING = YES;
				CLANG_WARN_BOOL_CONVERSION = YES;
				CLANG_WARN_COMMA = YES;
				CLANG_WARN_CONSTANT_CONVERSION = YES;
				CLANG_WARN_DEPRECATED_OBJC_IMPLEMENTATIONS = YES;
				CLANG_WARN_DIRECT_OBJC_ISA_USAGE = YES_ERROR;
				CLANG_WARN_DOCUMENTATION_COMMENTS = YES;
				CLANG_WARN_EMPTY_BODY = YES;
				CLANG_WARN_ENUM_CONVERSION = YES;
				CLANG_WARN_INFINITE_RECURSION = YES;
				CLANG_WARN_INT_CONVERSION = YES;
				CLANG_WARN_NON_LITERAL_NULL_CONVERSION = YES;
				CLANG_WARN_OBJC_IMPLICIT_RETAIN_SELF = YES;
				CLANG_WARN_OBJC_LITERAL_CONVERSION = YES;
				CLANG_WARN_OBJC_ROOT_CLASS = YES_ERROR;
				CLANG_WARN_QUOTED_INCLUDE_IN_FRAMEWORK_HEADER = YES;
				CLANG_WARN_RANGE_LOOP_ANALYSIS = YES;
				CLANG_WARN_STRICT_PROTOTYPES = YES;
				CLANG_WARN_SUSPICIOUS_MOVE = YES;
				CLANG_WARN_UNGUARDED_AVAILABILITY = YES_AGGRESSIVE;
				CLANG_WARN_UNREACHABLE_CODE = YES;
				CLANG_WARN__DUPLICATE_METHOD_MATCH = YES;
				COPY_PHASE_STRIP = NO;
				DEBUG_INFORMATION_FORMAT = "dwarf-with-dsym";
				ENABLE_NS_ASSERTIONS = NO;
				ENABLE_STRICT_OBJC_MSGSEND = YES;
				GCC_C_LANGUAGE_STANDARD = gnu11;
				GCC_NO_COMMON_BLOCKS = YES;
				GCC_WARN_64_TO_32_BIT_CONVERSION = YES;
				GCC_WARN_ABOUT_RETURN_TYPE = YES_ERROR;
				GCC_WARN_UNDECLARED_SELECTOR = YES;
				GCC_WARN_UNINITIALIZED_AUTOS = YES_AGGRESSIVE;
				GCC_WARN_UNUSED_FUNCTION = YES;
				GCC_WARN_UNUSED_VARIABLE = YES;
				IPHONEOS_DEPLOYMENT_TARGET = 16.2;
				MTL_ENABLE_DEBUG_INFO = NO;
				MTL_FAST_MATH = YES;
				SDKROOT = iphoneos;
				SWIFT_COMPILATION_MODE = wholemodule;
				SWIFT_OPTIMIZATION_LEVEL = "-O";
				VALIDATE_PRODUCT = YES;
			};
			name = Release;
		};
		84F6C5D529CA12E900D21EE2 /* Debug */ = {
			isa = XCBuildConfiguration;
			baseConfigurationReference = D965947AF4975E5DF3819BD6 /* Pods-AiOESports.debug.xcconfig */;
			buildSettings = {
				ASSETCATALOG_COMPILER_APPICON_NAME = AppIcon;
				ASSETCATALOG_COMPILER_GLOBAL_ACCENT_COLOR_NAME = AccentColor;
				CODE_SIGN_STYLE = Automatic;
				CURRENT_PROJECT_VERSION = 1;
				DEVELOPMENT_TEAM = L9267Q2T5K;
				GENERATE_INFOPLIST_FILE = YES;
				INFOPLIST_FILE = AiOESports/Info.plist;
				INFOPLIST_KEY_UIApplicationSupportsIndirectInputEvents = YES;
				INFOPLIST_KEY_UILaunchStoryboardName = LaunchScreen;
				INFOPLIST_KEY_UIMainStoryboardFile = Main;
				INFOPLIST_KEY_UISupportedInterfaceOrientations_iPad = "UIInterfaceOrientationPortrait UIInterfaceOrientationPortraitUpsideDown UIInterfaceOrientationLandscapeLeft UIInterfaceOrientationLandscapeRight";
				INFOPLIST_KEY_UISupportedInterfaceOrientations_iPhone = "UIInterfaceOrientationPortrait UIInterfaceOrientationLandscapeLeft UIInterfaceOrientationLandscapeRight";
				LD_RUNPATH_SEARCH_PATHS = (
					"$(inherited)",
					"@executable_path/Frameworks",
				);
				MARKETING_VERSION = 1.0;
				PRODUCT_BUNDLE_IDENTIFIER = com.arrman.AiOESports;
				PRODUCT_NAME = "$(TARGET_NAME)";
				SWIFT_EMIT_LOC_STRINGS = YES;
				SWIFT_VERSION = 5.0;
				TARGETED_DEVICE_FAMILY = "1,2";
			};
			name = Debug;
		};
		84F6C5D629CA12E900D21EE2 /* Release */ = {
			isa = XCBuildConfiguration;
			baseConfigurationReference = 8188D3AE419488E24BC82362 /* Pods-AiOESports.release.xcconfig */;
			buildSettings = {
				ASSETCATALOG_COMPILER_APPICON_NAME = AppIcon;
				ASSETCATALOG_COMPILER_GLOBAL_ACCENT_COLOR_NAME = AccentColor;
				CODE_SIGN_STYLE = Automatic;
				CURRENT_PROJECT_VERSION = 1;
				DEVELOPMENT_TEAM = L9267Q2T5K;
				GENERATE_INFOPLIST_FILE = YES;
				INFOPLIST_FILE = AiOESports/Info.plist;
				INFOPLIST_KEY_UIApplicationSupportsIndirectInputEvents = YES;
				INFOPLIST_KEY_UILaunchStoryboardName = LaunchScreen;
				INFOPLIST_KEY_UIMainStoryboardFile = Main;
				INFOPLIST_KEY_UISupportedInterfaceOrientations_iPad = "UIInterfaceOrientationPortrait UIInterfaceOrientationPortraitUpsideDown UIInterfaceOrientationLandscapeLeft UIInterfaceOrientationLandscapeRight";
				INFOPLIST_KEY_UISupportedInterfaceOrientations_iPhone = "UIInterfaceOrientationPortrait UIInterfaceOrientationLandscapeLeft UIInterfaceOrientationLandscapeRight";
				LD_RUNPATH_SEARCH_PATHS = (
					"$(inherited)",
					"@executable_path/Frameworks",
				);
				MARKETING_VERSION = 1.0;
				PRODUCT_BUNDLE_IDENTIFIER = com.arrman.AiOESports;
				PRODUCT_NAME = "$(TARGET_NAME)";
				SWIFT_EMIT_LOC_STRINGS = YES;
				SWIFT_VERSION = 5.0;
				TARGETED_DEVICE_FAMILY = "1,2";
			};
			name = Release;
		};
		84F6C5D829CA12E900D21EE2 /* Debug */ = {
			isa = XCBuildConfiguration;
			baseConfigurationReference = 585AFC3DD7B072B78AEA5F10 /* Pods-AiOESportsTests.debug.xcconfig */;
			buildSettings = {
				ALWAYS_EMBED_SWIFT_STANDARD_LIBRARIES = YES;
				BUNDLE_LOADER = "$(TEST_HOST)";
				CODE_SIGN_STYLE = Automatic;
				CURRENT_PROJECT_VERSION = 1;
				DEVELOPMENT_TEAM = L9267Q2T5K;
				GENERATE_INFOPLIST_FILE = YES;
				IPHONEOS_DEPLOYMENT_TARGET = 16.2;
				MARKETING_VERSION = 1.0;
				PRODUCT_BUNDLE_IDENTIFIER = com.zmp.AiOESportsTests;
				PRODUCT_NAME = "$(TARGET_NAME)";
				SWIFT_EMIT_LOC_STRINGS = NO;
				SWIFT_VERSION = 5.0;
				TARGETED_DEVICE_FAMILY = "1,2";
				TEST_HOST = "$(BUILT_PRODUCTS_DIR)/AiOESports.app/$(BUNDLE_EXECUTABLE_FOLDER_PATH)/AiOESports";
			};
			name = Debug;
		};
		84F6C5D929CA12E900D21EE2 /* Release */ = {
			isa = XCBuildConfiguration;
			baseConfigurationReference = 9D4EA9FEFFBFD2F5BBA8B561 /* Pods-AiOESportsTests.release.xcconfig */;
			buildSettings = {
				ALWAYS_EMBED_SWIFT_STANDARD_LIBRARIES = YES;
				BUNDLE_LOADER = "$(TEST_HOST)";
				CODE_SIGN_STYLE = Automatic;
				CURRENT_PROJECT_VERSION = 1;
				DEVELOPMENT_TEAM = L9267Q2T5K;
				GENERATE_INFOPLIST_FILE = YES;
				IPHONEOS_DEPLOYMENT_TARGET = 16.2;
				MARKETING_VERSION = 1.0;
				PRODUCT_BUNDLE_IDENTIFIER = com.zmp.AiOESportsTests;
				PRODUCT_NAME = "$(TARGET_NAME)";
				SWIFT_EMIT_LOC_STRINGS = NO;
				SWIFT_VERSION = 5.0;
				TARGETED_DEVICE_FAMILY = "1,2";
				TEST_HOST = "$(BUILT_PRODUCTS_DIR)/AiOESports.app/$(BUNDLE_EXECUTABLE_FOLDER_PATH)/AiOESports";
			};
			name = Release;
		};
		84F6C5DB29CA12E900D21EE2 /* Debug */ = {
			isa = XCBuildConfiguration;
			baseConfigurationReference = 882687CC2D25024B2EF13FEB /* Pods-AiOESports-AiOESportsUITests.debug.xcconfig */;
			buildSettings = {
				ALWAYS_EMBED_SWIFT_STANDARD_LIBRARIES = YES;
				CODE_SIGN_STYLE = Automatic;
				CURRENT_PROJECT_VERSION = 1;
				DEVELOPMENT_TEAM = L9267Q2T5K;
				GENERATE_INFOPLIST_FILE = YES;
				MARKETING_VERSION = 1.0;
				PRODUCT_BUNDLE_IDENTIFIER = com.zmp.AiOESportsUITests;
				PRODUCT_NAME = "$(TARGET_NAME)";
				SWIFT_EMIT_LOC_STRINGS = NO;
				SWIFT_VERSION = 5.0;
				TARGETED_DEVICE_FAMILY = "1,2";
				TEST_TARGET_NAME = AiOESports;
			};
			name = Debug;
		};
		84F6C5DC29CA12E900D21EE2 /* Release */ = {
			isa = XCBuildConfiguration;
			baseConfigurationReference = C34498E5D3AEACAB60725DED /* Pods-AiOESports-AiOESportsUITests.release.xcconfig */;
			buildSettings = {
				ALWAYS_EMBED_SWIFT_STANDARD_LIBRARIES = YES;
				CODE_SIGN_STYLE = Automatic;
				CURRENT_PROJECT_VERSION = 1;
				DEVELOPMENT_TEAM = L9267Q2T5K;
				GENERATE_INFOPLIST_FILE = YES;
				MARKETING_VERSION = 1.0;
				PRODUCT_BUNDLE_IDENTIFIER = com.zmp.AiOESportsUITests;
				PRODUCT_NAME = "$(TARGET_NAME)";
				SWIFT_EMIT_LOC_STRINGS = NO;
				SWIFT_VERSION = 5.0;
				TARGETED_DEVICE_FAMILY = "1,2";
				TEST_TARGET_NAME = AiOESports;
			};
			name = Release;
		};
/* End XCBuildConfiguration section */

/* Begin XCConfigurationList section */
		84F6C5A529CA12E800D21EE2 /* Build configuration list for PBXProject "AiOESports" */ = {
			isa = XCConfigurationList;
			buildConfigurations = (
				84F6C5D229CA12E900D21EE2 /* Debug */,
				84F6C5D329CA12E900D21EE2 /* Release */,
			);
			defaultConfigurationIsVisible = 0;
			defaultConfigurationName = Release;
		};
		84F6C5D429CA12E900D21EE2 /* Build configuration list for PBXNativeTarget "AiOESports" */ = {
			isa = XCConfigurationList;
			buildConfigurations = (
				84F6C5D529CA12E900D21EE2 /* Debug */,
				84F6C5D629CA12E900D21EE2 /* Release */,
			);
			defaultConfigurationIsVisible = 0;
			defaultConfigurationName = Release;
		};
		84F6C5D729CA12E900D21EE2 /* Build configuration list for PBXNativeTarget "AiOESportsTests" */ = {
			isa = XCConfigurationList;
			buildConfigurations = (
				84F6C5D829CA12E900D21EE2 /* Debug */,
				84F6C5D929CA12E900D21EE2 /* Release */,
			);
			defaultConfigurationIsVisible = 0;
			defaultConfigurationName = Release;
		};
		84F6C5DA29CA12E900D21EE2 /* Build configuration list for PBXNativeTarget "AiOESportsUITests" */ = {
			isa = XCConfigurationList;
			buildConfigurations = (
				84F6C5DB29CA12E900D21EE2 /* Debug */,
				84F6C5DC29CA12E900D21EE2 /* Release */,
			);
			defaultConfigurationIsVisible = 0;
			defaultConfigurationName = Release;
		};
/* End XCConfigurationList section */
	};
	rootObject = 84F6C5A229CA12E800D21EE2 /* Project object */;
}
